{
  "version": 4,
  "terraform_version": "1.6.0",
  "serial": 91,
  "lineage": "f83a8494-a714-db4a-3e0a-bef0d9f810bc",
  "outputs": {
    "cluster_endpoint": {
      "value": "https://BBCBADB2E6E5C9931C3272CD50DACD56.gr7.us-east-1.eks.amazonaws.com",
      "type": "string"
    },
    "cluster_name": {
      "value": "iu-dev-data-platform-eks-cluster",
      "type": "string"
    },
    "kubeconfig_certificate_authority_data": {
      "value": "LS0tLS1CRUdJTiBDRVJUSUZJQ0FURS0tLS0tCk1JSURCVENDQWUyZ0F3SUJBZ0lJWHU5bnUxUzIyK2t3RFFZSktvWklodmNOQVFFTEJRQXdGVEVUTUJFR0ExVUUKQXhNS2EzVmlaWEp1WlhSbGN6QWVGdzB5TXpBNU1qY3hOVFUyTVRoYUZ3MHpNekE1TWpReE5UVTJNVGhhTUJVeApFekFSQmdOVkJBTVRDbXQxWW1WeWJtVjBaWE13Z2dFaU1BMEdDU3FHU0liM0RRRUJBUVVBQTRJQkR3QXdnZ0VLCkFvSUJBUURqTDRTS3RMdmhyRktPQ0N5L21LeXVwdHl2RC96WEQ2YUl5eGdOSzBZUFh3Q3FoNzBxZDNaMEJsRGgKZU1wc0FrU1RuVVF6NHAvcG0xbG40ZEZCMVJjZDJSMmpjd09kbXJ2THlMajhzbzBhMm43NjZGNGV1d1NhODAxOQpITWMzUEZzejhCUUZNNmVsWmtmRjFpdXgwZ2RjU0Q1Mlp0Q0xTYXpwUkJyMmhmUDdJY1N6eVNJb1cvRWVQT2wxClg1aUM2alNpbVhqQmJUbksyY1FNaEFaZGt6MnROR2IyUHo3eUx6c3VVSlR6TnNjYkNNYUpuSU9YU3lLNU5aaXYKS1pZYktBSFVTSXZ3VytIWmV2eEgrZlZoL2dBYzFzUDg0ZnptSmR2SHgrVGp4QUs0ZjRSM2JqSmFZNHU0Mnc4aApsK0NKdHBSR2xFcnhoSUxyVkJZajdhcWdHT2RKQWdNQkFBR2pXVEJYTUE0R0ExVWREd0VCL3dRRUF3SUNwREFQCkJnTlZIUk1CQWY4RUJUQURBUUgvTUIwR0ExVWREZ1FXQkJUT1pNNGZoWjg0ekI0UmJZa09sSlhqcVJaVkt6QVYKQmdOVkhSRUVEakFNZ2dwcmRXSmxjbTVsZEdWek1BMEdDU3FHU0liM0RRRUJDd1VBQTRJQkFRQldnWjkzNlY5YwoxK3grR1ZwRk1tTUcxR2pVbVBKOHJWbmwvVEgrM0NKRmhMQkk4aU55Qk1XbW5RZnNRa3hjMFB2WTZwQVhLaUhZCkVZdzF3c3BFK3h3STczOUNDOGZRa0tOZmlRb0xud2xPUUJBUHRpUzdXZHNpSnNXdERSemNCekdRVkNWUUd3SUUKak1nQlYxRzByOTNmeWwremlTTTB1RDV6MUE5UWU1ZG1kVUpNM3pNNE9TbXJxdFJsWGxqbGN1Q1BFRmM3dDBONgpxTG1nbTM3aGJaN2QwUFBxSHBmckNickNXakc1Y3ZHdEREdTk5YTkyOTY3UzMzQUdibHJYdTBNeXFvQWg3Q0lxCm5EaTgyb1UxV2xWc29iZzFwNE5iQ0s3Mm5TekVQWGM2NGVoRDhOME9FVXhTVndhOHQrbExzNldVTmhGN1B0SlEKMHpJMi91dDQxSnFTCi0tLS0tRU5EIENFUlRJRklDQVRFLS0tLS0K",
      "type": "string"
    },
    "region": {
      "value": "us-east-1",
      "type": "string"
    }
  },
  "resources": [
    {
      "module": "module.module_eks",
      "mode": "managed",
      "type": "aws_eks_cluster",
      "name": "eks_cluster",
      "provider": "provider[\"registry.terraform.io/hashicorp/aws\"]",
      "instances": [
        {
          "schema_version": 0,
          "attributes": {
            "arn": "arn:aws:eks:us-east-1:729397435375:cluster/iu-dev-data-platform-eks-cluster",
            "certificate_authority": [
              {
                "data": "LS0tLS1CRUdJTiBDRVJUSUZJQ0FURS0tLS0tCk1JSURCVENDQWUyZ0F3SUJBZ0lJWHU5bnUxUzIyK2t3RFFZSktvWklodmNOQVFFTEJRQXdGVEVUTUJFR0ExVUUKQXhNS2EzVmlaWEp1WlhSbGN6QWVGdzB5TXpBNU1qY3hOVFUyTVRoYUZ3MHpNekE1TWpReE5UVTJNVGhhTUJVeApFekFSQmdOVkJBTVRDbXQxWW1WeWJtVjBaWE13Z2dFaU1BMEdDU3FHU0liM0RRRUJBUVVBQTRJQkR3QXdnZ0VLCkFvSUJBUURqTDRTS3RMdmhyRktPQ0N5L21LeXVwdHl2RC96WEQ2YUl5eGdOSzBZUFh3Q3FoNzBxZDNaMEJsRGgKZU1wc0FrU1RuVVF6NHAvcG0xbG40ZEZCMVJjZDJSMmpjd09kbXJ2THlMajhzbzBhMm43NjZGNGV1d1NhODAxOQpITWMzUEZzejhCUUZNNmVsWmtmRjFpdXgwZ2RjU0Q1Mlp0Q0xTYXpwUkJyMmhmUDdJY1N6eVNJb1cvRWVQT2wxClg1aUM2alNpbVhqQmJUbksyY1FNaEFaZGt6MnROR2IyUHo3eUx6c3VVSlR6TnNjYkNNYUpuSU9YU3lLNU5aaXYKS1pZYktBSFVTSXZ3VytIWmV2eEgrZlZoL2dBYzFzUDg0ZnptSmR2SHgrVGp4QUs0ZjRSM2JqSmFZNHU0Mnc4aApsK0NKdHBSR2xFcnhoSUxyVkJZajdhcWdHT2RKQWdNQkFBR2pXVEJYTUE0R0ExVWREd0VCL3dRRUF3SUNwREFQCkJnTlZIUk1CQWY4RUJUQURBUUgvTUIwR0ExVWREZ1FXQkJUT1pNNGZoWjg0ekI0UmJZa09sSlhqcVJaVkt6QVYKQmdOVkhSRUVEakFNZ2dwcmRXSmxjbTVsZEdWek1BMEdDU3FHU0liM0RRRUJDd1VBQTRJQkFRQldnWjkzNlY5YwoxK3grR1ZwRk1tTUcxR2pVbVBKOHJWbmwvVEgrM0NKRmhMQkk4aU55Qk1XbW5RZnNRa3hjMFB2WTZwQVhLaUhZCkVZdzF3c3BFK3h3STczOUNDOGZRa0tOZmlRb0xud2xPUUJBUHRpUzdXZHNpSnNXdERSemNCekdRVkNWUUd3SUUKak1nQlYxRzByOTNmeWwremlTTTB1RDV6MUE5UWU1ZG1kVUpNM3pNNE9TbXJxdFJsWGxqbGN1Q1BFRmM3dDBONgpxTG1nbTM3aGJaN2QwUFBxSHBmckNickNXakc1Y3ZHdEREdTk5YTkyOTY3UzMzQUdibHJYdTBNeXFvQWg3Q0lxCm5EaTgyb1UxV2xWc29iZzFwNE5iQ0s3Mm5TekVQWGM2NGVoRDhOME9FVXhTVndhOHQrbExzNldVTmhGN1B0SlEKMHpJMi91dDQxSnFTCi0tLS0tRU5EIENFUlRJRklDQVRFLS0tLS0K"
              }
            ],
            "cluster_id": null,
            "created_at": "2023-09-27 15:51:59.101 +0000 UTC",
            "enabled_cluster_log_types": [],
            "encryption_config": [],
            "endpoint": "https://BBCBADB2E6E5C9931C3272CD50DACD56.gr7.us-east-1.eks.amazonaws.com",
            "id": "iu-dev-data-platform-eks-cluster",
            "identity": [
              {
                "oidc": [
                  {
                    "issuer": "https://oidc.eks.us-east-1.amazonaws.com/id/BBCBADB2E6E5C9931C3272CD50DACD56"
                  }
                ]
              }
            ],
            "kubernetes_network_config": [
              {
                "ip_family": "ipv4",
                "service_ipv4_cidr": "172.20.0.0/16",
                "service_ipv6_cidr": ""
              }
            ],
            "name": "iu-dev-data-platform-eks-cluster",
            "outpost_config": [],
            "platform_version": "eks.5",
            "role_arn": "arn:aws:iam::729397435375:role/eks-cluster-role",
            "status": "ACTIVE",
            "tags": {},
            "tags_all": {},
            "timeouts": null,
            "version": "1.27",
            "vpc_config": [
              {
                "cluster_security_group_id": "sg-078079138ab1e94c0",
                "endpoint_private_access": false,
                "endpoint_public_access": true,
                "public_access_cidrs": [
                  "0.0.0.0/0"
                ],
                "security_group_ids": [],
                "subnet_ids": [
                  "subnet-082c1eb021229acbc",
                  "subnet-08ab41500e7101b06",
                  "subnet-0c2bffd8602b7b913"
                ],
                "vpc_id": "vpc-068ad57d05edf7b40"
              }
            ]
          },
          "sensitive_attributes": [],
          "private": "eyJlMmJmYjczMC1lY2FhLTExZTYtOGY4OC0zNDM2M2JjN2M0YzAiOnsiY3JlYXRlIjoxODAwMDAwMDAwMDAwLCJkZWxldGUiOjkwMDAwMDAwMDAwMCwidXBkYXRlIjozNjAwMDAwMDAwMDAwfX0=",
          "dependencies": [
            "module.module_eks.aws_iam_role.eks_cluster_role",
            "module.module_eks.aws_iam_role_policy_attachment.eks_cluster_policy",
            "module.module_vpc.data.aws_availability_zones.available",
            "module.module_vpc.module.vpc.aws_subnet.private",
            "module.module_vpc.module.vpc.aws_vpc.this",
            "module.module_vpc.module.vpc.aws_vpc_ipv4_cidr_block_association.this"
          ]
        }
      ]
    },
    {
      "module": "module.module_eks",
      "mode": "managed",
      "type": "aws_eks_node_group",
      "name": "eks_cluster_nodegroup_one",
      "provider": "provider[\"registry.terraform.io/hashicorp/aws\"]",
      "instances": [
        {
          "schema_version": 0,
          "attributes": {
            "ami_type": "AL2_x86_64",
            "arn": "arn:aws:eks:us-east-1:729397435375:nodegroup/iu-dev-data-platform-eks-cluster/iu-dev-data-platform-eks-cluster-nodegroup-one/b4c56d67-d330-1fd7-4456-83bacbdff18a",
            "capacity_type": "ON_DEMAND",
            "cluster_name": "iu-dev-data-platform-eks-cluster",
            "disk_size": 512,
            "force_update_version": null,
            "id": "iu-dev-data-platform-eks-cluster:iu-dev-data-platform-eks-cluster-nodegroup-one",
            "instance_types": [
              "m5ad.2xlarge"
            ],
            "labels": {},
            "launch_template": [],
            "node_group_name": "iu-dev-data-platform-eks-cluster-nodegroup-one",
            "node_group_name_prefix": "",
            "node_role_arn": "arn:aws:iam::729397435375:role/eks-node-group-role",
            "release_version": "1.27.5-20230919",
            "remote_access": [],
            "resources": [
              {
                "autoscaling_groups": [
                  {
                    "name": "eks-iu-dev-data-platform-eks-cluster-nodegroup-one-b4c56d67-d330-1fd7-4456-83bacbdff18a"
                  }
                ],
                "remote_access_security_group_id": ""
              }
            ],
            "scaling_config": [
              {
                "desired_size": 2,
                "max_size": 4,
                "min_size": 1
              }
            ],
            "status": "ACTIVE",
            "subnet_ids": [
              "subnet-082c1eb021229acbc",
              "subnet-08ab41500e7101b06",
              "subnet-0c2bffd8602b7b913"
            ],
            "tags": {},
            "tags_all": {},
            "taint": [],
            "timeouts": null,
            "update_config": [
              {
                "max_unavailable": 2,
                "max_unavailable_percentage": 0
              }
            ],
            "version": "1.27"
          },
          "sensitive_attributes": [],
          "private": "eyJlMmJmYjczMC1lY2FhLTExZTYtOGY4OC0zNDM2M2JjN2M0YzAiOnsiY3JlYXRlIjozNjAwMDAwMDAwMDAwLCJkZWxldGUiOjM2MDAwMDAwMDAwMDAsInVwZGF0ZSI6MzYwMDAwMDAwMDAwMH19",
          "dependencies": [
            "module.module_eks.aws_eks_cluster.eks_cluster",
            "module.module_eks.aws_iam_role.eks_cluster_role",
            "module.module_eks.aws_iam_role.eks_nodegroup_role",
            "module.module_eks.aws_iam_role_policy_attachment.amazon_ebs_csi_driver_policy",
            "module.module_eks.aws_iam_role_policy_attachment.amazon_s3_policy",
            "module.module_eks.aws_iam_role_policy_attachment.ec2_container_registry_read_only",
            "module.module_eks.aws_iam_role_policy_attachment.eks_cluster_policy",
            "module.module_eks.aws_iam_role_policy_attachment.eks_cni_policy",
            "module.module_eks.aws_iam_role_policy_attachment.eks_worker_node_policy",
            "module.module_vpc.data.aws_availability_zones.available",
            "module.module_vpc.module.vpc.aws_subnet.private",
            "module.module_vpc.module.vpc.aws_vpc.this",
            "module.module_vpc.module.vpc.aws_vpc_ipv4_cidr_block_association.this"
          ]
        }
      ]
    },
    {
      "module": "module.module_eks",
      "mode": "managed",
      "type": "aws_iam_role",
      "name": "eks_cluster_role",
      "provider": "provider[\"registry.terraform.io/hashicorp/aws\"]",
      "instances": [
        {
          "schema_version": 0,
          "attributes": {
            "arn": "arn:aws:iam::729397435375:role/eks-cluster-role",
            "assume_role_policy": "{\"Statement\":[{\"Action\":\"sts:AssumeRole\",\"Effect\":\"Allow\",\"Principal\":{\"Service\":\"eks.amazonaws.com\"}}],\"Version\":\"2012-10-17\"}",
            "create_date": "2023-09-27T15:51:38Z",
            "description": "",
            "force_detach_policies": false,
            "id": "eks-cluster-role",
            "inline_policy": [],
            "managed_policy_arns": [
              "arn:aws:iam::aws:policy/AmazonEKSClusterPolicy"
            ],
            "max_session_duration": 3600,
            "name": "eks-cluster-role",
            "name_prefix": "",
            "path": "/",
            "permissions_boundary": null,
            "tags": {},
            "tags_all": {},
            "unique_id": "AROA2TU3ZTPXYK3QTR6QK"
          },
          "sensitive_attributes": [],
          "private": "bnVsbA=="
        }
      ]
    },
    {
      "module": "module.module_eks",
      "mode": "managed",
      "type": "aws_iam_role",
      "name": "eks_nodegroup_role",
      "provider": "provider[\"registry.terraform.io/hashicorp/aws\"]",
      "instances": [
        {
          "schema_version": 0,
          "attributes": {
            "arn": "arn:aws:iam::729397435375:role/eks-node-group-role",
            "assume_role_policy": "{\"Statement\":[{\"Action\":\"sts:AssumeRole\",\"Effect\":\"Allow\",\"Principal\":{\"Service\":\"ec2.amazonaws.com\"}}],\"Version\":\"2012-10-17\"}",
            "create_date": "2023-09-27T15:51:38Z",
            "description": "",
            "force_detach_policies": false,
            "id": "eks-node-group-role",
            "inline_policy": [
              {
                "name": "sts-role",
                "policy": "{\"Version\":\"2012-10-17\",\"Statement\":[{\"Action\":\"sts:AssumeRoleWithWebIdentity\",\"Effect\":\"Allow\",\"Resource\":\"*\",\"Sid\":\"VisualEditor0\"}]}"
              }
            ],
            "managed_policy_arns": [
              "arn:aws:iam::aws:policy/AmazonEC2ContainerRegistryReadOnly",
              "arn:aws:iam::aws:policy/AmazonEKSWorkerNodePolicy",
              "arn:aws:iam::aws:policy/AmazonEKS_CNI_Policy",
              "arn:aws:iam::aws:policy/AmazonS3FullAccess",
              "arn:aws:iam::aws:policy/service-role/AmazonEBSCSIDriverPolicy"
            ],
            "max_session_duration": 3600,
            "name": "eks-node-group-role",
            "name_prefix": "",
            "path": "/",
            "permissions_boundary": null,
            "tags": {},
            "tags_all": {},
            "unique_id": "AROA2TU3ZTPXVSX62ZTQY"
          },
          "sensitive_attributes": [],
          "private": "bnVsbA=="
        }
      ]
    },
    {
      "module": "module.module_eks",
      "mode": "managed",
      "type": "aws_iam_role_policy_attachment",
      "name": "amazon_ebs_csi_driver_policy",
      "provider": "provider[\"registry.terraform.io/hashicorp/aws\"]",
      "instances": [
        {
          "schema_version": 0,
          "attributes": {
            "id": "eks-node-group-role-20230928080235713300000001",
            "policy_arn": "arn:aws:iam::aws:policy/service-role/AmazonEBSCSIDriverPolicy",
            "role": "eks-node-group-role"
          },
          "sensitive_attributes": [],
          "private": "bnVsbA==",
          "dependencies": [
            "module.module_eks.aws_iam_role.eks_nodegroup_role"
          ]
        }
      ]
    },
    {
      "module": "module.module_eks",
      "mode": "managed",
      "type": "aws_iam_role_policy_attachment",
      "name": "amazon_s3_policy",
      "provider": "provider[\"registry.terraform.io/hashicorp/aws\"]",
      "instances": [
        {
          "schema_version": 0,
          "attributes": {
            "id": "eks-node-group-role-20230928080235719000000002",
            "policy_arn": "arn:aws:iam::aws:policy/AmazonS3FullAccess",
            "role": "eks-node-group-role"
          },
          "sensitive_attributes": [],
          "private": "bnVsbA==",
          "dependencies": [
            "module.module_eks.aws_iam_role.eks_nodegroup_role"
          ]
        }
      ]
    },
    {
      "module": "module.module_eks",
      "mode": "managed",
      "type": "aws_iam_role_policy_attachment",
      "name": "ec2_container_registry_read_only",
      "provider": "provider[\"registry.terraform.io/hashicorp/aws\"]",
      "instances": [
        {
          "schema_version": 0,
          "attributes": {
            "id": "eks-node-group-role-20230927155139863800000003",
            "policy_arn": "arn:aws:iam::aws:policy/AmazonEC2ContainerRegistryReadOnly",
            "role": "eks-node-group-role"
          },
          "sensitive_attributes": [],
          "private": "bnVsbA==",
          "dependencies": [
            "module.module_eks.aws_iam_role.eks_nodegroup_role"
          ]
        }
      ]
    },
    {
      "module": "module.module_eks",
      "mode": "managed",
      "type": "aws_iam_role_policy_attachment",
      "name": "eks_cluster_policy",
      "provider": "provider[\"registry.terraform.io/hashicorp/aws\"]",
      "instances": [
        {
          "schema_version": 0,
          "attributes": {
            "id": "eks-cluster-role-20230927155139542000000001",
            "policy_arn": "arn:aws:iam::aws:policy/AmazonEKSClusterPolicy",
            "role": "eks-cluster-role"
          },
          "sensitive_attributes": [],
          "private": "bnVsbA==",
          "dependencies": [
            "module.module_eks.aws_iam_role.eks_cluster_role"
          ]
        }
      ]
    },
    {
      "module": "module.module_eks",
      "mode": "managed",
      "type": "aws_iam_role_policy_attachment",
      "name": "eks_cni_policy",
      "provider": "provider[\"registry.terraform.io/hashicorp/aws\"]",
      "instances": [
        {
          "schema_version": 0,
          "attributes": {
            "id": "eks-node-group-role-20230927155139688300000002",
            "policy_arn": "arn:aws:iam::aws:policy/AmazonEKS_CNI_Policy",
            "role": "eks-node-group-role"
          },
          "sensitive_attributes": [],
          "private": "bnVsbA==",
          "dependencies": [
            "module.module_eks.aws_iam_role.eks_nodegroup_role"
          ]
        }
      ]
    },
    {
      "module": "module.module_eks",
      "mode": "managed",
      "type": "aws_iam_role_policy_attachment",
      "name": "eks_worker_node_policy",
      "provider": "provider[\"registry.terraform.io/hashicorp/aws\"]",
      "instances": [
        {
          "schema_version": 0,
          "attributes": {
            "id": "eks-node-group-role-20230927155140043300000004",
            "policy_arn": "arn:aws:iam::aws:policy/AmazonEKSWorkerNodePolicy",
            "role": "eks-node-group-role"
          },
          "sensitive_attributes": [],
          "private": "bnVsbA==",
          "dependencies": [
            "module.module_eks.aws_iam_role.eks_nodegroup_role"
          ]
        }
      ]
    },
    {
      "module": "module.module_prod",
      "mode": "data",
      "type": "aws_subnets",
      "name": "prod_default_subnets",
      "provider": "provider[\"registry.terraform.io/hashicorp/aws\"].apsouth1",
      "instances": [
        {
          "schema_version": 0,
          "attributes": {
            "filter": [
              {
                "name": "vpc-id",
                "values": [
                  "vpc-0b5c9fffa21a96152"
                ]
              }
            ],
            "id": "ap-south-1",
            "ids": [
              "subnet-072e99ba638df3454",
              "subnet-0491951f766084e40",
              "subnet-0e2334f9a8c7ce140"
            ],
            "tags": null,
            "timeouts": null
          },
          "sensitive_attributes": []
        }
      ]
    },
    {
      "module": "module.module_prod",
      "mode": "data",
      "type": "aws_vpc",
      "name": "prod_default_vpc",
      "provider": "provider[\"registry.terraform.io/hashicorp/aws\"].apsouth1",
      "instances": [
        {
          "schema_version": 0,
          "attributes": {
            "arn": "arn:aws:ec2:ap-south-1:729397435375:vpc/vpc-0b5c9fffa21a96152",
            "cidr_block": "10.0.0.0/16",
            "cidr_block_associations": [
              {
                "association_id": "vpc-cidr-assoc-0a00af283b5eb9d84",
                "cidr_block": "10.0.0.0/16",
                "state": "associated"
              }
            ],
            "default": false,
            "dhcp_options_id": "dopt-f959b892",
            "enable_dns_hostnames": false,
            "enable_dns_support": true,
            "enable_network_address_usage_metrics": false,
            "filter": [
              {
                "name": "tag:Name",
                "values": [
                  "IU-Prod"
                ]
              }
            ],
            "id": "vpc-0b5c9fffa21a96152",
            "instance_tenancy": "default",
            "ipv6_association_id": "",
            "ipv6_cidr_block": "",
            "main_route_table_id": "rtb-055fbceb46d62c1e3",
            "owner_id": "729397435375",
            "state": null,
            "tags": {
              "Name": "IU-Prod"
            },
            "timeouts": null
          },
          "sensitive_attributes": []
        }
      ]
    },
    {
      "module": "module.module_prod",
      "mode": "managed",
      "type": "aws_eks_cluster",
      "name": "eks_cluster",
      "provider": "provider[\"registry.terraform.io/hashicorp/aws\"].apsouth1",
      "instances": [
        {
          "schema_version": 0,
          "attributes": {
            "arn": "arn:aws:eks:ap-south-1:729397435375:cluster/prod-data-platform-eks-cluster",
            "certificate_authority": [
              {
                "data": "LS0tLS1CRUdJTiBDRVJUSUZJQ0FURS0tLS0tCk1JSURCVENDQWUyZ0F3SUJBZ0lJZVZZdXRqNFR4UkF3RFFZSktvWklodmNOQVFFTEJRQXdGVEVUTUJFR0ExVUUKQXhNS2EzVmlaWEp1WlhSbGN6QWVGdzB5TXpFd01Ua3dOVFUzTWpGYUZ3MHpNekV3TVRZd05qQXlNakZhTUJVeApFekFSQmdOVkJBTVRDbXQxWW1WeWJtVjBaWE13Z2dFaU1BMEdDU3FHU0liM0RRRUJBUVVBQTRJQkR3QXdnZ0VLCkFvSUJBUUN4YWo4TjltajJFTG0vTU1Cbm93THdlWlROMU1BQzNwRFJGR3ptanNlWW1DcWg0NFk0RFNOcUNnSlIKWjZFVGFHWCtwalQxQWorRms2Tk04UllHMWs5bjlYb1lFQ3RmOVpCckt6YUtvYmRwc3NEYWxRRDBPUEZkUmV5LwpWRE9vdWtuRmYyZUNnSkZ6R29DTGFMcjRnU2VFUnNYZ201dEtMcCtqL2pEUjFBZHlFcHM1M2dQRDNoQ2hvK0lSCmVIVHJxV0ZIYXByNnZZTlpoMk9KWENxSmgwanVoSzlDd2twQVFaWHFpaGxFREdPcW1ZbWVWc1ljbkNoSEFmVTcKOVAxekUyUm1Fbnkza2E5RDJ0d29jT1VmUTljcS81dGkvY3NualJtclpobWZMSHA2RGxKMjRaZWpGSzIxeWJtNwptQjRSRGJRbW1wZjVFSmJQblJFSEE3T3lpd0t4QWdNQkFBR2pXVEJYTUE0R0ExVWREd0VCL3dRRUF3SUNwREFQCkJnTlZIUk1CQWY4RUJUQURBUUgvTUIwR0ExVWREZ1FXQkJUWWRIWU04Sklpd21INkxIbGxOYUx0c0FWcmVEQVYKQmdOVkhSRUVEakFNZ2dwcmRXSmxjbTVsZEdWek1BMEdDU3FHU0liM0RRRUJDd1VBQTRJQkFRQjZJcG96elVpeApveGhWYWxSMTVSeHZwSTJRaEFlWUFodTI1enN3aFVsa091YkNPQk5YM3U5ZUdIS21INVNuWkQzekU2RmpiaWp5ClEwZzJ6NEhCcXIwZ3lxZDR4SXhvWTNUR1NBZWxhNFZuaHBKMENVeThxWHBIbVJkb3lCVFpSc0JOZkMvYU5JYnAKM0grdytXMFh6ckI4dzhKUmxjWmx0RThrQnVaZXEvOEcyL3VTVEpUZ2h6amxqWEJDWUh3K3g0Q05GbVlWbFg0UwpPbklQeWNPWTdnSXg2NWE3NEVEZU9NS0p2V0svdVJ4Rmx6eHBCd2FZeUsrWGhHYmVaOTNySzVPc25FclBjRThSCm94YUE0NDRKbnN2Lysyb3BscHZxYk9KRWhoUFlvd1dxR2Vzd1BwN0dIQkh5TGtWWWZMMHI1TGVyNDNmR0tyM1kKWEYwRTYwNitpOXh6Ci0tLS0tRU5EIENFUlRJRklDQVRFLS0tLS0K"
              }
            ],
            "cluster_id": null,
            "created_at": "2023-10-19 05:57:58.89 +0000 UTC",
            "enabled_cluster_log_types": [
              "api",
              "audit",
              "authenticator",
              "controllerManager",
              "scheduler"
            ],
            "encryption_config": [],
            "endpoint": "https://38D505A11E9D8884F0B4AB2E5017B21E.gr7.ap-south-1.eks.amazonaws.com",
            "id": "prod-data-platform-eks-cluster",
            "identity": [
              {
                "oidc": [
                  {
                    "issuer": "https://oidc.eks.ap-south-1.amazonaws.com/id/38D505A11E9D8884F0B4AB2E5017B21E"
                  }
                ]
              }
            ],
            "kubernetes_network_config": [
              {
                "ip_family": "ipv4",
                "service_ipv4_cidr": "172.20.0.0/16",
                "service_ipv6_cidr": ""
              }
            ],
            "name": "prod-data-platform-eks-cluster",
            "outpost_config": [],
            "platform_version": "eks.2",
            "role_arn": "arn:aws:iam::729397435375:role/prod-eks-cluster-role",
            "status": "ACTIVE",
            "tags": {},
            "tags_all": {},
            "timeouts": null,
            "version": "1.28",
            "vpc_config": [
              {
                "cluster_security_group_id": "sg-07a79ead333de9c68",
                "endpoint_private_access": false,
                "endpoint_public_access": true,
                "public_access_cidrs": [
                  "0.0.0.0/0"
                ],
                "security_group_ids": [],
                "subnet_ids": [
                  "subnet-0491951f766084e40",
                  "subnet-072e99ba638df3454",
                  "subnet-0e2334f9a8c7ce140"
                ],
                "vpc_id": "vpc-0b5c9fffa21a96152"
              }
            ]
          },
          "sensitive_attributes": [],
          "private": "eyJlMmJmYjczMC1lY2FhLTExZTYtOGY4OC0zNDM2M2JjN2M0YzAiOnsiY3JlYXRlIjoxODAwMDAwMDAwMDAwLCJkZWxldGUiOjkwMDAwMDAwMDAwMCwidXBkYXRlIjozNjAwMDAwMDAwMDAwfX0=",
          "dependencies": [
            "module.module_prod.aws_iam_role.eks_cluster_role",
            "module.module_prod.data.aws_subnets.prod_default_subnets",
            "module.module_prod.data.aws_vpc.prod_default_vpc"
          ]
        }
      ]
    },
    {
      "module": "module.module_prod",
      "mode": "managed",
      "type": "aws_eks_node_group",
      "name": "eks_cluster_nodegroup_one",
      "provider": "provider[\"registry.terraform.io/hashicorp/aws\"].apsouth1",
      "instances": [
        {
          "schema_version": 0,
          "attributes": {
            "ami_type": "AL2_x86_64",
            "arn": "arn:aws:eks:ap-south-1:729397435375:nodegroup/prod-data-platform-eks-cluster/prod-data-platform-eks-cluster-nodegroup-one/7ac5a397-a125-d9d9-0f63-247def701e3c",
            "capacity_type": "ON_DEMAND",
            "cluster_name": "prod-data-platform-eks-cluster",
            "disk_size": 512,
            "force_update_version": null,
            "id": "prod-data-platform-eks-cluster:prod-data-platform-eks-cluster-nodegroup-one",
            "instance_types": [
              "m6a.16xlarge"
            ],
            "labels": null,
            "launch_template": [],
            "node_group_name": "prod-data-platform-eks-cluster-nodegroup-one",
            "node_group_name_prefix": "",
            "node_role_arn": "arn:aws:iam::729397435375:role/prod-eks-node-group-role",
            "release_version": "1.28.1-20231002",
            "remote_access": [],
            "resources": [
              {
                "autoscaling_groups": [
                  {
                    "name": "eks-prod-data-platform-eks-cluster-nodegroup-one-7ac5a397-a125-d9d9-0f63-247def701e3c"
                  }
                ],
                "remote_access_security_group_id": ""
              }
            ],
            "scaling_config": [
              {
                "desired_size": 2,
                "max_size": 4,
                "min_size": 1
              }
            ],
            "status": "ACTIVE",
            "subnet_ids": [
              "subnet-0491951f766084e40",
              "subnet-072e99ba638df3454",
              "subnet-0e2334f9a8c7ce140"
            ],
            "tags": null,
            "tags_all": {},
            "taint": [],
            "timeouts": null,
            "update_config": [
              {
                "max_unavailable": 1,
                "max_unavailable_percentage": 0
              }
            ],
            "version": "1.28"
          },
          "sensitive_attributes": [],
          "private": "eyJlMmJmYjczMC1lY2FhLTExZTYtOGY4OC0zNDM2M2JjN2M0YzAiOnsiY3JlYXRlIjozNjAwMDAwMDAwMDAwLCJkZWxldGUiOjM2MDAwMDAwMDAwMDAsInVwZGF0ZSI6MzYwMDAwMDAwMDAwMH19",
          "dependencies": [
            "module.module_prod.aws_eks_cluster.eks_cluster",
            "module.module_prod.aws_iam_role.eks_cluster_role",
            "module.module_prod.aws_iam_role.eks_nodegroup_role",
            "module.module_prod.aws_iam_role_policy_attachment.amazon_ebs_csi_driver_policy",
            "module.module_prod.aws_iam_role_policy_attachment.amazon_s3_policy",
            "module.module_prod.aws_iam_role_policy_attachment.ec2_container_registry_read_only",
            "module.module_prod.aws_iam_role_policy_attachment.eks_cni_policy",
            "module.module_prod.aws_iam_role_policy_attachment.eks_worker_node_policy",
            "module.module_prod.data.aws_subnets.prod_default_subnets",
            "module.module_prod.data.aws_vpc.prod_default_vpc"
          ]
        }
      ]
    },
    {
      "module": "module.module_prod",
      "mode": "managed",
      "type": "aws_iam_role",
      "name": "eks_cluster_role",
      "provider": "provider[\"registry.terraform.io/hashicorp/aws\"].apsouth1",
      "instances": [
        {
          "schema_version": 0,
          "attributes": {
            "arn": "arn:aws:iam::729397435375:role/prod-eks-cluster-role",
            "assume_role_policy": "{\"Statement\":[{\"Action\":\"sts:AssumeRole\",\"Effect\":\"Allow\",\"Principal\":{\"Service\":\"eks.amazonaws.com\"}}],\"Version\":\"2012-10-17\"}",
            "create_date": "2023-10-19T05:57:56Z",
            "description": "",
            "force_detach_policies": false,
            "id": "prod-eks-cluster-role",
            "inline_policy": [],
            "managed_policy_arns": [
              "arn:aws:iam::aws:policy/AmazonEKSClusterPolicy"
            ],
            "max_session_duration": 3600,
            "name": "prod-eks-cluster-role",
            "name_prefix": "",
            "path": "/",
            "permissions_boundary": null,
            "tags": {},
            "tags_all": {},
            "unique_id": "AROA2TU3ZTPX5YMTVI573"
          },
          "sensitive_attributes": [],
          "private": "bnVsbA=="
        }
      ]
    },
    {
      "module": "module.module_prod",
      "mode": "managed",
      "type": "aws_iam_role",
      "name": "eks_nodegroup_role",
      "provider": "provider[\"registry.terraform.io/hashicorp/aws\"].apsouth1",
      "instances": [
        {
          "schema_version": 0,
          "attributes": {
            "arn": "arn:aws:iam::729397435375:role/prod-eks-node-group-role",
            "assume_role_policy": "{\"Statement\":[{\"Action\":\"sts:AssumeRole\",\"Effect\":\"Allow\",\"Principal\":{\"Service\":\"ec2.amazonaws.com\"}}],\"Version\":\"2012-10-17\"}",
            "create_date": "2023-10-19T05:57:56Z",
            "description": "",
            "force_detach_policies": false,
            "id": "prod-eks-node-group-role",
            "inline_policy": [],
            "managed_policy_arns": [
              "arn:aws:iam::aws:policy/AmazonEC2ContainerRegistryReadOnly",
              "arn:aws:iam::aws:policy/AmazonEKSWorkerNodePolicy",
              "arn:aws:iam::aws:policy/AmazonEKS_CNI_Policy",
              "arn:aws:iam::aws:policy/AmazonS3FullAccess",
              "arn:aws:iam::aws:policy/service-role/AmazonEBSCSIDriverPolicy"
            ],
            "max_session_duration": 3600,
            "name": "prod-eks-node-group-role",
            "name_prefix": "",
            "path": "/",
            "permissions_boundary": null,
            "tags": {},
            "tags_all": {},
            "unique_id": "AROA2TU3ZTPXZPG67QYWE"
          },
          "sensitive_attributes": [],
          "private": "bnVsbA=="
        }
      ]
    },
    {
      "module": "module.module_prod",
      "mode": "managed",
      "type": "aws_iam_role_policy_attachment",
      "name": "amazon_ebs_csi_driver_policy",
      "provider": "provider[\"registry.terraform.io/hashicorp/aws\"].apsouth1",
      "instances": [
        {
          "schema_version": 0,
          "attributes": {
            "id": "prod-eks-node-group-role-20231019055602376900000002",
            "policy_arn": "arn:aws:iam::aws:policy/service-role/AmazonEBSCSIDriverPolicy",
            "role": "prod-eks-node-group-role"
          },
          "sensitive_attributes": [],
          "private": "bnVsbA==",
          "dependencies": [
            "module.module_prod.aws_iam_role.eks_nodegroup_role"
          ]
        }
      ]
    },
    {
      "module": "module.module_prod",
      "mode": "managed",
      "type": "aws_iam_role_policy_attachment",
      "name": "amazon_s3_policy",
      "provider": "provider[\"registry.terraform.io/hashicorp/aws\"].apsouth1",
      "instances": [
        {
          "schema_version": 0,
          "attributes": {
            "id": "prod-eks-node-group-role-20231019055602655500000004",
            "policy_arn": "arn:aws:iam::aws:policy/AmazonS3FullAccess",
            "role": "prod-eks-node-group-role"
          },
          "sensitive_attributes": [],
          "private": "bnVsbA==",
          "dependencies": [
            "module.module_prod.aws_iam_role.eks_nodegroup_role"
          ]
        }
      ]
    },
    {
      "module": "module.module_prod",
      "mode": "managed",
      "type": "aws_iam_role_policy_attachment",
      "name": "ec2_container_registry_read_only",
      "provider": "provider[\"registry.terraform.io/hashicorp/aws\"].apsouth1",
      "instances": [
        {
          "schema_version": 0,
          "attributes": {
            "id": "prod-eks-node-group-role-20231019055602915200000005",
            "policy_arn": "arn:aws:iam::aws:policy/AmazonEC2ContainerRegistryReadOnly",
            "role": "prod-eks-node-group-role"
          },
          "sensitive_attributes": [],
          "private": "bnVsbA==",
          "dependencies": [
            "module.module_prod.aws_iam_role.eks_nodegroup_role"
          ]
        }
      ]
    },
    {
      "module": "module.module_prod",
      "mode": "managed",
      "type": "aws_iam_role_policy_attachment",
      "name": "eks_cluster_policy",
      "provider": "provider[\"registry.terraform.io/hashicorp/aws\"].apsouth1",
      "instances": [
        {
          "schema_version": 0,
          "attributes": {
            "id": "prod-eks-cluster-role-20231019055602371600000001",
            "policy_arn": "arn:aws:iam::aws:policy/AmazonEKSClusterPolicy",
            "role": "prod-eks-cluster-role"
          },
          "sensitive_attributes": [],
          "private": "bnVsbA==",
          "dependencies": [
            "module.module_prod.aws_iam_role.eks_cluster_role"
          ]
        }
      ]
    },
    {
      "module": "module.module_prod",
      "mode": "managed",
      "type": "aws_iam_role_policy_attachment",
      "name": "eks_cni_policy",
      "provider": "provider[\"registry.terraform.io/hashicorp/aws\"].apsouth1",
      "instances": [
        {
          "schema_version": 0,
          "attributes": {
            "id": "prod-eks-node-group-role-20231019055602641000000003",
            "policy_arn": "arn:aws:iam::aws:policy/AmazonEKS_CNI_Policy",
            "role": "prod-eks-node-group-role"
          },
          "sensitive_attributes": [],
          "private": "bnVsbA==",
          "dependencies": [
            "module.module_prod.aws_iam_role.eks_nodegroup_role"
          ]
        }
      ]
    },
    {
      "module": "module.module_prod",
      "mode": "managed",
      "type": "aws_iam_role_policy_attachment",
      "name": "eks_worker_node_policy",
      "provider": "provider[\"registry.terraform.io/hashicorp/aws\"].apsouth1",
      "instances": [
        {
          "schema_version": 0,
          "attributes": {
            "id": "prod-eks-node-group-role-20231019055603020900000006",
            "policy_arn": "arn:aws:iam::aws:policy/AmazonEKSWorkerNodePolicy",
            "role": "prod-eks-node-group-role"
          },
          "sensitive_attributes": [],
          "private": "bnVsbA==",
          "dependencies": [
            "module.module_prod.aws_iam_role.eks_nodegroup_role"
          ]
        }
      ]
    },
    {
      "module": "module.module_sit",
      "mode": "data",
      "type": "aws_subnets",
      "name": "sit_default_subnets",
      "provider": "provider[\"registry.terraform.io/hashicorp/aws\"].apsouth1",
      "instances": [
        {
          "schema_version": 0,
          "attributes": {
            "filter": [
              {
                "name": "vpc-id",
                "values": [
                  "vpc-67b8820f"
                ]
              }
            ],
            "id": "ap-south-1",
            "ids": [
              "subnet-38960674",
              "subnet-33eecd5b",
              "subnet-09babd00471991a8b",
              "subnet-e277ac99"
            ],
            "tags": null,
            "timeouts": null
          },
          "sensitive_attributes": []
        }
      ]
    },
    {
      "module": "module.module_sit",
      "mode": "data",
      "type": "aws_vpc",
      "name": "sit_default_vpc",
      "provider": "provider[\"registry.terraform.io/hashicorp/aws\"].apsouth1",
      "instances": [
        {
          "schema_version": 0,
          "attributes": {
            "arn": "arn:aws:ec2:ap-south-1:729397435375:vpc/vpc-67b8820f",
            "cidr_block": "172.31.0.0/16",
            "cidr_block_associations": [
              {
                "association_id": "vpc-cidr-assoc-cd3d64a5",
                "cidr_block": "172.31.0.0/16",
                "state": "associated"
              }
            ],
            "default": true,
            "dhcp_options_id": "dopt-f959b892",
            "enable_dns_hostnames": true,
            "enable_dns_support": true,
            "enable_network_address_usage_metrics": false,
            "filter": [
              {
                "name": "tag:Name",
                "values": [
                  "SIT-Default"
                ]
              }
            ],
            "id": "vpc-67b8820f",
            "instance_tenancy": "default",
            "ipv6_association_id": "",
            "ipv6_cidr_block": "",
            "main_route_table_id": "rtb-bea259d5",
            "owner_id": "729397435375",
            "state": null,
            "tags": {
              "Name": "SIT-Default"
            },
            "timeouts": null
          },
          "sensitive_attributes": []
        }
      ]
    },
    {
      "module": "module.module_sit",
      "mode": "managed",
      "type": "aws_eks_cluster",
      "name": "eks_cluster",
      "provider": "provider[\"registry.terraform.io/hashicorp/aws\"].apsouth1",
      "instances": [
        {
          "schema_version": 0,
          "attributes": {
            "arn": "arn:aws:eks:ap-south-1:729397435375:cluster/sit-data-platform-eks-cluster",
            "certificate_authority": [
              {
                "data": "LS0tLS1CRUdJTiBDRVJUSUZJQ0FURS0tLS0tCk1JSURCVENDQWUyZ0F3SUJBZ0lJQ0VPamN0RFBtOWt3RFFZSktvWklodmNOQVFFTEJRQXdGVEVUTUJFR0ExVUUKQXhNS2EzVmlaWEp1WlhSbGN6QWVGdzB5TXpFd01UQXhOVEU0TWpOYUZ3MHpNekV3TURjeE5URTRNak5hTUJVeApFekFSQmdOVkJBTVRDbXQxWW1WeWJtVjBaWE13Z2dFaU1BMEdDU3FHU0liM0RRRUJBUVVBQTRJQkR3QXdnZ0VLCkFvSUJBUUM2ck5VTTJtbFN6UE9GS3pPQStRcm1SeEpTcEZCUWlwVmZrUEJhMTd5MVNFNmZoc0JZMnNXZ1ZYRTQKY3ZPYWhycFc2YTdSYU56aDhkcDlVVkpTOFo4aDZBTDhwbmJLUlZsNkw0Yzc2Z09NdS9ZQUpTY1RITHBuZWE5UQplMU15cFVpb0FFZUV0dUJaK1dZdElFeWNPM3dNaUh0UENlcU1XR1IwQ1pkMUZGYnk5VDVjdUpGdzNySEM0WjhmCnpJWWRYL2tqenFUZldTVVpEME9vZFp3dTUrWkg4TGRxbU8wY2EySkxidlpUSWJzUk9LeUxsK2xlaC9KK1ZxRlIKRGZNWmc2ZktSaEwwLzkwY2dNNTg4VFNPN0huZTAvVEo1TEhvWGxXbXJ3R3dsQ0NSVUltSjIxWEFhSndPN2NyRApsdUkwVEtGMm9peEdYZHZsNW1BczBUVkY5QXdIQWdNQkFBR2pXVEJYTUE0R0ExVWREd0VCL3dRRUF3SUNwREFQCkJnTlZIUk1CQWY4RUJUQURBUUgvTUIwR0ExVWREZ1FXQkJRRGdqS3VTN3hYSFBnaWUwSU9hMXJVT0tJbzNEQVYKQmdOVkhSRUVEakFNZ2dwcmRXSmxjbTVsZEdWek1BMEdDU3FHU0liM0RRRUJDd1VBQTRJQkFRQ2ZRZmZNSW4wNAo0emY0VUZwdjhGdjZxakJ4bHJrQzRHUFQxSDJ6eExDYktBemQyMUluYnR1YjdrM29iZUJiZGptYURWU2IyMlh3Cmx1TUp5SC9laGc3T2hUbzMyN3JneUw5ZTVBZEJZTHRTamE5ejY2NkZyTi9xVTluWGdoVHhubG0rSloyTWlYLzUKVHhydjBPeGtIazN2VkFUVC9PTnhXajArRFRpaGxWL1Z4OGJwUG9jL0JrZ2JQTXcrdnV3TisyUEY1dkx0YkJ3VQpieFVYR25JeVJGeEFzWFhRdGRLcDJDdm5Wbi9MKzRpOTRWa1NxMDA1aHdTQzNwRHdJWmJ6ekl1T2l5bmJnd1Y1CktvTE1LY2dSNWk0RkI2REFiZ2VwS3RRUURJTkJVQ093TUI2ZkpweFJRSEJoSDdzckpJWkNaR2VMMUY1Q0RVeXEKd1JtcisvUG9EUm40Ci0tLS0tRU5EIENFUlRJRklDQVRFLS0tLS0K"
              }
            ],
            "cluster_id": null,
            "created_at": "2023-10-10 15:13:49.859 +0000 UTC",
            "enabled_cluster_log_types": [
              "api",
              "audit",
              "authenticator",
              "controllerManager",
              "scheduler"
            ],
            "encryption_config": [],
            "endpoint": "https://61ED1818A358CCB24FACD3FFDAB970CA.gr7.ap-south-1.eks.amazonaws.com",
            "id": "sit-data-platform-eks-cluster",
            "identity": [
              {
                "oidc": [
                  {
                    "issuer": "https://oidc.eks.ap-south-1.amazonaws.com/id/61ED1818A358CCB24FACD3FFDAB970CA"
                  }
                ]
              }
            ],
            "kubernetes_network_config": [
              {
                "ip_family": "ipv4",
                "service_ipv4_cidr": "10.100.0.0/16",
                "service_ipv6_cidr": ""
              }
            ],
            "name": "sit-data-platform-eks-cluster",
            "outpost_config": [],
            "platform_version": "eks.5",
            "role_arn": "arn:aws:iam::729397435375:role/sit-eks-cluster-role",
            "status": "ACTIVE",
            "tags": {},
            "tags_all": {},
            "timeouts": null,
            "version": "1.27",
            "vpc_config": [
              {
                "cluster_security_group_id": "sg-024f51c17ef48ccc4",
                "endpoint_private_access": false,
                "endpoint_public_access": true,
                "public_access_cidrs": [
                  "0.0.0.0/0"
                ],
                "security_group_ids": [],
                "subnet_ids": [
                  "subnet-09babd00471991a8b",
                  "subnet-33eecd5b",
                  "subnet-38960674",
                  "subnet-e277ac99"
                ],
                "vpc_id": "vpc-67b8820f"
              }
            ]
          },
          "sensitive_attributes": [],
          "private": "eyJlMmJmYjczMC1lY2FhLTExZTYtOGY4OC0zNDM2M2JjN2M0YzAiOnsiY3JlYXRlIjoxODAwMDAwMDAwMDAwLCJkZWxldGUiOjkwMDAwMDAwMDAwMCwidXBkYXRlIjozNjAwMDAwMDAwMDAwfX0=",
          "dependencies": [
            "module.module_sit.aws_iam_role.eks_cluster_role",
            "module.module_sit.data.aws_subnets.sit_default_subnets",
            "module.module_sit.data.aws_vpc.sit_default_vpc"
          ]
        }
      ]
    },
    {
      "module": "module.module_sit",
      "mode": "managed",
      "type": "aws_eks_node_group",
      "name": "eks_cluster_nodegroup_one",
      "provider": "provider[\"registry.terraform.io/hashicorp/aws\"].apsouth1",
      "instances": [
        {
          "schema_version": 0,
          "attributes": {
            "ami_type": "AL2_x86_64",
            "arn": "arn:aws:eks:ap-south-1:729397435375:nodegroup/sit-data-platform-eks-cluster/sit-data-platform-eks-cluster-nodegroup-one/66c58d16-f616-30c4-e976-224ec520bfd7",
            "capacity_type": "ON_DEMAND",
            "cluster_name": "sit-data-platform-eks-cluster",
            "disk_size": 512,
            "force_update_version": null,
            "id": "sit-data-platform-eks-cluster:sit-data-platform-eks-cluster-nodegroup-one",
            "instance_types": [
              "t2.medium"
            ],
            "labels": {},
            "launch_template": [],
            "node_group_name": "sit-data-platform-eks-cluster-nodegroup-one",
            "node_group_name_prefix": "",
            "node_role_arn": "arn:aws:iam::729397435375:role/sit-eks-node-group-role",
            "release_version": "1.27.5-20231002",
            "remote_access": [],
            "resources": [
              {
                "autoscaling_groups": [
                  {
                    "name": "eks-sit-data-platform-eks-cluster-nodegroup-one-66c58d16-f616-30c4-e976-224ec520bfd7"
                  }
                ],
                "remote_access_security_group_id": ""
              }
            ],
            "scaling_config": [
              {
                "desired_size": 2,
                "max_size": 2,
                "min_size": 1
              }
            ],
            "status": "ACTIVE",
            "subnet_ids": [
              "subnet-09babd00471991a8b",
              "subnet-33eecd5b",
              "subnet-38960674",
              "subnet-e277ac99"
            ],
            "tags": {},
            "tags_all": {},
            "taint": [],
            "timeouts": null,
            "update_config": [
              {
                "max_unavailable": 1,
                "max_unavailable_percentage": 0
              }
            ],
            "version": "1.27"
          },
          "sensitive_attributes": [],
          "private": "eyJlMmJmYjczMC1lY2FhLTExZTYtOGY4OC0zNDM2M2JjN2M0YzAiOnsiY3JlYXRlIjozNjAwMDAwMDAwMDAwLCJkZWxldGUiOjM2MDAwMDAwMDAwMDAsInVwZGF0ZSI6MzYwMDAwMDAwMDAwMH19",
          "dependencies": [
            "module.module_sit.aws_eks_cluster.eks_cluster",
            "module.module_sit.aws_iam_role.eks_cluster_role",
            "module.module_sit.aws_iam_role.eks_nodegroup_role",
            "module.module_sit.aws_iam_role_policy_attachment.amazon_ebs_csi_driver_policy",
            "module.module_sit.aws_iam_role_policy_attachment.amazon_s3_policy",
            "module.module_sit.aws_iam_role_policy_attachment.ec2_container_registry_read_only",
            "module.module_sit.aws_iam_role_policy_attachment.eks_cni_policy",
            "module.module_sit.aws_iam_role_policy_attachment.eks_worker_node_policy",
            "module.module_sit.data.aws_subnets.sit_default_subnets",
            "module.module_sit.data.aws_vpc.sit_default_vpc"
          ]
        }
      ]
    },
    {
      "module": "module.module_sit",
      "mode": "managed",
      "type": "aws_iam_role",
      "name": "eks_cluster_role",
      "provider": "provider[\"registry.terraform.io/hashicorp/aws\"].apsouth1",
      "instances": [
        {
          "schema_version": 0,
          "attributes": {
            "arn": "arn:aws:iam::729397435375:role/sit-eks-cluster-role",
            "assume_role_policy": "{\"Statement\":[{\"Action\":\"sts:AssumeRole\",\"Effect\":\"Allow\",\"Principal\":{\"Service\":\"eks.amazonaws.com\"}}],\"Version\":\"2012-10-17\"}",
            "create_date": "2023-10-10T15:13:46Z",
            "description": "",
            "force_detach_policies": false,
            "id": "sit-eks-cluster-role",
            "inline_policy": [],
            "managed_policy_arns": [
              "arn:aws:iam::aws:policy/AmazonEKSClusterPolicy"
            ],
            "max_session_duration": 3600,
            "name": "sit-eks-cluster-role",
            "name_prefix": "",
            "path": "/",
            "permissions_boundary": null,
            "tags": {},
            "tags_all": {},
            "unique_id": "AROA2TU3ZTPXWGMEYSDCP"
          },
          "sensitive_attributes": [],
          "private": "bnVsbA=="
        }
      ]
    },
    {
      "module": "module.module_sit",
      "mode": "managed",
      "type": "aws_iam_role",
      "name": "eks_nodegroup_role",
      "provider": "provider[\"registry.terraform.io/hashicorp/aws\"].apsouth1",
      "instances": [
        {
          "schema_version": 0,
          "attributes": {
            "arn": "arn:aws:iam::729397435375:role/sit-eks-node-group-role",
            "assume_role_policy": "{\"Statement\":[{\"Action\":\"sts:AssumeRole\",\"Effect\":\"Allow\",\"Principal\":{\"Service\":\"ec2.amazonaws.com\"}}],\"Version\":\"2012-10-17\"}",
            "create_date": "2023-10-10T15:13:46Z",
            "description": "",
            "force_detach_policies": false,
            "id": "sit-eks-node-group-role",
            "inline_policy": [],
            "managed_policy_arns": [
              "arn:aws:iam::aws:policy/AmazonEC2ContainerRegistryReadOnly",
              "arn:aws:iam::aws:policy/AmazonEKSWorkerNodePolicy",
              "arn:aws:iam::aws:policy/AmazonEKS_CNI_Policy",
              "arn:aws:iam::aws:policy/AmazonS3FullAccess",
              "arn:aws:iam::aws:policy/service-role/AmazonEBSCSIDriverPolicy"
            ],
            "max_session_duration": 3600,
            "name": "sit-eks-node-group-role",
            "name_prefix": "",
            "path": "/",
            "permissions_boundary": null,
            "tags": {},
            "tags_all": {},
            "unique_id": "AROA2TU3ZTPX3HJW7JRZK"
          },
          "sensitive_attributes": [],
          "private": "bnVsbA=="
        }
      ]
    },
    {
      "module": "module.module_sit",
      "mode": "managed",
      "type": "aws_iam_role_policy_attachment",
      "name": "amazon_ebs_csi_driver_policy",
      "provider": "provider[\"registry.terraform.io/hashicorp/aws\"].apsouth1",
      "instances": [
        {
          "schema_version": 0,
          "attributes": {
            "id": "sit-eks-node-group-role-20231010151256623300000004",
            "policy_arn": "arn:aws:iam::aws:policy/service-role/AmazonEBSCSIDriverPolicy",
            "role": "sit-eks-node-group-role"
          },
          "sensitive_attributes": [],
          "private": "bnVsbA==",
          "dependencies": [
            "module.module_sit.aws_iam_role.eks_nodegroup_role"
          ]
        }
      ]
    },
    {
      "module": "module.module_sit",
      "mode": "managed",
      "type": "aws_iam_role_policy_attachment",
      "name": "amazon_s3_policy",
      "provider": "provider[\"registry.terraform.io/hashicorp/aws\"].apsouth1",
      "instances": [
        {
          "schema_version": 0,
          "attributes": {
            "id": "sit-eks-node-group-role-20231010151256801300000005",
            "policy_arn": "arn:aws:iam::aws:policy/AmazonS3FullAccess",
            "role": "sit-eks-node-group-role"
          },
          "sensitive_attributes": [],
          "private": "bnVsbA==",
          "dependencies": [
            "module.module_sit.aws_iam_role.eks_nodegroup_role"
          ]
        }
      ]
    },
    {
      "module": "module.module_sit",
      "mode": "managed",
      "type": "aws_iam_role_policy_attachment",
      "name": "ec2_container_registry_read_only",
      "provider": "provider[\"registry.terraform.io/hashicorp/aws\"].apsouth1",
      "instances": [
        {
          "schema_version": 0,
          "attributes": {
            "id": "sit-eks-node-group-role-20231010151256921300000006",
            "policy_arn": "arn:aws:iam::aws:policy/AmazonEC2ContainerRegistryReadOnly",
            "role": "sit-eks-node-group-role"
          },
          "sensitive_attributes": [],
          "private": "bnVsbA==",
          "dependencies": [
            "module.module_sit.aws_iam_role.eks_nodegroup_role"
          ]
        }
      ]
    },
    {
      "module": "module.module_sit",
      "mode": "managed",
      "type": "aws_iam_role_policy_attachment",
      "name": "eks_cluster_policy",
      "provider": "provider[\"registry.terraform.io/hashicorp/aws\"].apsouth1",
      "instances": [
        {
          "schema_version": 0,
          "attributes": {
            "id": "sit-eks-cluster-role-20231010151256269100000001",
            "policy_arn": "arn:aws:iam::aws:policy/AmazonEKSClusterPolicy",
            "role": "sit-eks-cluster-role"
          },
          "sensitive_attributes": [],
          "private": "bnVsbA==",
          "dependencies": [
            "module.module_sit.aws_iam_role.eks_cluster_role"
          ]
        }
      ]
    },
    {
      "module": "module.module_sit",
      "mode": "managed",
      "type": "aws_iam_role_policy_attachment",
      "name": "eks_cni_policy",
      "provider": "provider[\"registry.terraform.io/hashicorp/aws\"].apsouth1",
      "instances": [
        {
          "schema_version": 0,
          "attributes": {
            "id": "sit-eks-node-group-role-20231010151256531900000003",
            "policy_arn": "arn:aws:iam::aws:policy/AmazonEKS_CNI_Policy",
            "role": "sit-eks-node-group-role"
          },
          "sensitive_attributes": [],
          "private": "bnVsbA==",
          "dependencies": [
            "module.module_sit.aws_iam_role.eks_nodegroup_role"
          ]
        }
      ]
    },
    {
      "module": "module.module_sit",
      "mode": "managed",
      "type": "aws_iam_role_policy_attachment",
      "name": "eks_worker_node_policy",
      "provider": "provider[\"registry.terraform.io/hashicorp/aws\"].apsouth1",
      "instances": [
        {
          "schema_version": 0,
          "attributes": {
            "id": "sit-eks-node-group-role-20231010151256332600000002",
            "policy_arn": "arn:aws:iam::aws:policy/AmazonEKSWorkerNodePolicy",
            "role": "sit-eks-node-group-role"
          },
          "sensitive_attributes": [],
          "private": "bnVsbA==",
          "dependencies": [
            "module.module_sit.aws_iam_role.eks_nodegroup_role"
          ]
        }
      ]
    },
    {
      "module": "module.module_uat",
      "mode": "data",
      "type": "aws_subnets",
      "name": "uat_default_subnets",
      "provider": "provider[\"registry.terraform.io/hashicorp/aws\"].apsouth1",
      "instances": [
        {
          "schema_version": 0,
          "attributes": {
            "filter": [
              {
                "name": "vpc-id",
                "values": [
                  "vpc-0f0250e13306ff029"
                ]
              }
            ],
            "id": "ap-south-1",
            "ids": [
              "subnet-0edd0a6e14975f95e",
              "subnet-0c93c0b4c48c4b597",
              "subnet-0c9920373835fbcfc"
            ],
            "tags": null,
            "timeouts": null
          },
          "sensitive_attributes": []
        }
      ]
    },
    {
      "module": "module.module_uat",
      "mode": "data",
      "type": "aws_vpc",
      "name": "uat_default_vpc",
      "provider": "provider[\"registry.terraform.io/hashicorp/aws\"].apsouth1",
      "instances": [
        {
          "schema_version": 0,
          "attributes": {
            "arn": "arn:aws:ec2:ap-south-1:729397435375:vpc/vpc-0f0250e13306ff029",
            "cidr_block": "10.0.0.0/16",
            "cidr_block_associations": [
              {
                "association_id": "vpc-cidr-assoc-05c85e823edca839a",
                "cidr_block": "10.0.0.0/16",
                "state": "associated"
              }
            ],
            "default": false,
            "dhcp_options_id": "dopt-f959b892",
            "enable_dns_hostnames": false,
            "enable_dns_support": true,
            "enable_network_address_usage_metrics": false,
            "filter": [
              {
                "name": "tag:Name",
                "values": [
                  "IU-UAT-NEW"
                ]
              }
            ],
            "id": "vpc-0f0250e13306ff029",
            "instance_tenancy": "default",
            "ipv6_association_id": "",
            "ipv6_cidr_block": "",
            "main_route_table_id": "rtb-04698168dc8fe0f5a",
            "owner_id": "729397435375",
            "state": null,
            "tags": {
              "Name": "IU-UAT-NEW"
            },
            "timeouts": null
          },
          "sensitive_attributes": []
        }
      ]
    },
    {
      "module": "module.module_uat",
      "mode": "managed",
      "type": "aws_eks_cluster",
      "name": "eks_cluster",
      "provider": "provider[\"registry.terraform.io/hashicorp/aws\"].apsouth1",
      "instances": [
        {
          "schema_version": 0,
          "attributes": {
            "arn": "arn:aws:eks:ap-south-1:729397435375:cluster/uat-data-platform-eks-cluster",
            "certificate_authority": [
              {
                "data": "LS0tLS1CRUdJTiBDRVJUSUZJQ0FURS0tLS0tCk1JSURCVENDQWUyZ0F3SUJBZ0lJTm5PaFp5bWFtOWN3RFFZSktvWklodmNOQVFFTEJRQXdGVEVUTUJFR0ExVUUKQXhNS2EzVmlaWEp1WlhSbGN6QWVGdzB5TXpFd01UWXdOakkxTVROYUZ3MHpNekV3TVRNd05qTXdNVE5hTUJVeApFekFSQmdOVkJBTVRDbXQxWW1WeWJtVjBaWE13Z2dFaU1BMEdDU3FHU0liM0RRRUJBUVVBQTRJQkR3QXdnZ0VLCkFvSUJBUURUWWFDK1pUVitXYytlMFAxWjdleUQzdFFjeEd0N0hQV09sWTBHSW1IelJLSG9XelRGMzJ6TVpXTVcKN1IxTlZRUHRsM0VNZWlOV2d5b1lRZGsyMlBsRVZzdy9uN2dHZkZnNUJuTHpRUzJYd2R3aW5WUlVzdHhlbFFiNgpWL1ozSEpMUlBZQXhSQTNlUGhuY3Zoak5mQnUvTGErUXFVc25DUVkvYnF0UVFOUkYyL1UxTWlMNms5eDExZTNtCkdBLzFQTmlheVJOS3pJdDg3U1RNNkI1Z1JLZGlzUGpldDZjYjc0cmhRb3pvREZXUVhPRzYvSVF3U1FLTS85UFAKcGp6YnNlWmxwOVBIWVFpREN1U1dOTzFmakJTTlhINUZJTDJrWWtJeVRIcDNCdEFNREMvYnVkckpXTHF3RjFOTAprc0NYeCtEb1Y3NXdOc2Y4c2dScWQrcS9WMU9uQWdNQkFBR2pXVEJYTUE0R0ExVWREd0VCL3dRRUF3SUNwREFQCkJnTlZIUk1CQWY4RUJUQURBUUgvTUIwR0ExVWREZ1FXQkJTVGVuZzlhelltQmsyOW1hQWJOU3V0Vkw2cU1EQVYKQmdOVkhSRUVEakFNZ2dwcmRXSmxjbTVsZEdWek1BMEdDU3FHU0liM0RRRUJDd1VBQTRJQkFRQ0RiaDhHbGpvaQp6K0RiOVFEVnVxWU1nR2FBM2ZwdW9SMzlWckVSeTcwWDJaTXVvaDFwWkFrSDlNYW5UZXZ5dmlUbVc4QjZJZmFGCjR2TUxlUElxWXNjRmJDdVNlaGlhZmhWQ2VLcTUvU1ZPQzhaeGNBa2RGUlQrUzE3WlFibmVscWduQmpsZEdNNlYKTjNxaVJsL1dpek81b2gybGt0MDdrdHdpV2F5bkxsQjlKT0RRUGliVVVTQUVwWVB6UXI4NUE4THVySGIyY3hJTwp4akY4OWZyMUI3YW1abkhJTlZyKzB5Z1Zad1FVUGdrTlZ0NG9sc01IMkIxOXFzTGNUdWF1SThFMFNjdWJ0eVJNCkREdWpSSTlzUmRmOEd3a2JHZEg0WTM4UC9YVTlzNnprLzZOSlJrN3c5SzE5OVlZY3psM0w1NXlOOTlYWWFSN2UKazgwSXVZcnh0ZlpFCi0tLS0tRU5EIENFUlRJRklDQVRFLS0tLS0K"
              }
            ],
            "cluster_id": null,
            "created_at": "2023-10-16 06:26:20.296 +0000 UTC",
            "enabled_cluster_log_types": [
              "api",
              "audit",
              "authenticator",
              "controllerManager",
              "scheduler"
            ],
            "encryption_config": [],
            "endpoint": "https://D5169116741F49A3A77C395F44DA624B.gr7.ap-south-1.eks.amazonaws.com",
            "id": "uat-data-platform-eks-cluster",
            "identity": [
              {
                "oidc": [
                  {
                    "issuer": "https://oidc.eks.ap-south-1.amazonaws.com/id/D5169116741F49A3A77C395F44DA624B"
                  }
                ]
              }
            ],
            "kubernetes_network_config": [
              {
                "ip_family": "ipv4",
                "service_ipv4_cidr": "172.20.0.0/16",
                "service_ipv6_cidr": ""
              }
            ],
            "name": "uat-data-platform-eks-cluster",
            "outpost_config": [],
            "platform_version": "eks.6",
            "role_arn": "arn:aws:iam::729397435375:role/uat-eks-cluster-role",
            "status": "ACTIVE",
            "tags": {},
            "tags_all": {},
            "timeouts": null,
            "version": "1.27",
            "vpc_config": [
              {
                "cluster_security_group_id": "sg-004a1cad3761a0b53",
                "endpoint_private_access": false,
                "endpoint_public_access": true,
                "public_access_cidrs": [
                  "0.0.0.0/0"
                ],
                "security_group_ids": [],
                "subnet_ids": [
                  "subnet-0c93c0b4c48c4b597",
                  "subnet-0c9920373835fbcfc",
                  "subnet-0edd0a6e14975f95e"
                ],
                "vpc_id": "vpc-0f0250e13306ff029"
              }
            ]
          },
          "sensitive_attributes": [],
          "private": "eyJlMmJmYjczMC1lY2FhLTExZTYtOGY4OC0zNDM2M2JjN2M0YzAiOnsiY3JlYXRlIjoxODAwMDAwMDAwMDAwLCJkZWxldGUiOjkwMDAwMDAwMDAwMCwidXBkYXRlIjozNjAwMDAwMDAwMDAwfX0=",
          "dependencies": [
            "module.module_uat.aws_iam_role.eks_cluster_role",
            "module.module_uat.data.aws_subnets.uat_default_subnets",
            "module.module_uat.data.aws_vpc.uat_default_vpc"
          ]
        }
      ]
    },
    {
      "module": "module.module_uat",
      "mode": "managed",
      "type": "aws_eks_node_group",
      "name": "eks_cluster_nodegroup_one",
      "provider": "provider[\"registry.terraform.io/hashicorp/aws\"].apsouth1",
      "instances": [
        {
          "schema_version": 0,
          "attributes": {
            "ami_type": "AL2_x86_64",
            "arn": "arn:aws:eks:ap-south-1:729397435375:nodegroup/uat-data-platform-eks-cluster/uat-data-platform-eks-cluster-nodegroup-one/08c59b9b-e575-a9c9-67b6-262cabe5fa71",
            "capacity_type": "ON_DEMAND",
            "cluster_name": "uat-data-platform-eks-cluster",
            "disk_size": 512,
            "force_update_version": null,
            "id": "uat-data-platform-eks-cluster:uat-data-platform-eks-cluster-nodegroup-one",
            "instance_types": [
              "t2.medium"
            ],
            "labels": {},
            "launch_template": [],
            "node_group_name": "uat-data-platform-eks-cluster-nodegroup-one",
            "node_group_name_prefix": "",
            "node_role_arn": "arn:aws:iam::729397435375:role/uat-eks-node-group-role",
            "release_version": "1.27.5-20231002",
            "remote_access": [],
            "resources": [
              {
                "autoscaling_groups": [
                  {
                    "name": "eks-uat-data-platform-eks-cluster-nodegroup-one-08c59b9b-e575-a9c9-67b6-262cabe5fa71"
                  }
                ],
                "remote_access_security_group_id": ""
              }
            ],
            "scaling_config": [
              {
                "desired_size": 2,
                "max_size": 2,
                "min_size": 1
              }
            ],
            "status": "ACTIVE",
            "subnet_ids": [
              "subnet-0c93c0b4c48c4b597",
              "subnet-0c9920373835fbcfc",
              "subnet-0edd0a6e14975f95e"
            ],
            "tags": {},
            "tags_all": {},
            "taint": [],
            "timeouts": null,
            "update_config": [
              {
                "max_unavailable": 1,
                "max_unavailable_percentage": 0
              }
            ],
            "version": "1.27"
          },
          "sensitive_attributes": [],
          "private": "eyJlMmJmYjczMC1lY2FhLTExZTYtOGY4OC0zNDM2M2JjN2M0YzAiOnsiY3JlYXRlIjozNjAwMDAwMDAwMDAwLCJkZWxldGUiOjM2MDAwMDAwMDAwMDAsInVwZGF0ZSI6MzYwMDAwMDAwMDAwMH19",
          "dependencies": [
            "module.module_uat.aws_eks_cluster.eks_cluster",
            "module.module_uat.aws_iam_role.eks_cluster_role",
            "module.module_uat.aws_iam_role.eks_nodegroup_role",
            "module.module_uat.aws_iam_role_policy_attachment.amazon_ebs_csi_driver_policy",
            "module.module_uat.aws_iam_role_policy_attachment.amazon_s3_policy",
            "module.module_uat.aws_iam_role_policy_attachment.ec2_container_registry_read_only",
            "module.module_uat.aws_iam_role_policy_attachment.eks_cni_policy",
            "module.module_uat.aws_iam_role_policy_attachment.eks_worker_node_policy",
            "module.module_uat.data.aws_subnets.uat_default_subnets",
            "module.module_uat.data.aws_vpc.uat_default_vpc"
          ]
        }
      ]
    },
    {
      "module": "module.module_uat",
      "mode": "managed",
      "type": "aws_iam_role",
      "name": "eks_cluster_role",
      "provider": "provider[\"registry.terraform.io/hashicorp/aws\"].apsouth1",
      "instances": [
        {
          "schema_version": 0,
          "attributes": {
            "arn": "arn:aws:iam::729397435375:role/uat-eks-cluster-role",
            "assume_role_policy": "{\"Statement\":[{\"Action\":\"sts:AssumeRole\",\"Effect\":\"Allow\",\"Principal\":{\"Service\":\"eks.amazonaws.com\"}}],\"Version\":\"2012-10-17\"}",
            "create_date": "2023-10-16T06:26:18Z",
            "description": "",
            "force_detach_policies": false,
            "id": "uat-eks-cluster-role",
            "inline_policy": [],
            "managed_policy_arns": [
              "arn:aws:iam::aws:policy/AmazonEKSClusterPolicy"
            ],
            "max_session_duration": 3600,
            "name": "uat-eks-cluster-role",
            "name_prefix": "",
            "path": "/",
            "permissions_boundary": null,
            "tags": {},
            "tags_all": {},
            "unique_id": "AROA2TU3ZTPXTYWK4KYWN"
          },
          "sensitive_attributes": [],
          "private": "bnVsbA=="
        }
      ]
    },
    {
      "module": "module.module_uat",
      "mode": "managed",
      "type": "aws_iam_role",
      "name": "eks_nodegroup_role",
      "provider": "provider[\"registry.terraform.io/hashicorp/aws\"].apsouth1",
      "instances": [
        {
          "schema_version": 0,
          "attributes": {
            "arn": "arn:aws:iam::729397435375:role/uat-eks-node-group-role",
            "assume_role_policy": "{\"Statement\":[{\"Action\":\"sts:AssumeRole\",\"Effect\":\"Allow\",\"Principal\":{\"Service\":\"ec2.amazonaws.com\"}}],\"Version\":\"2012-10-17\"}",
            "create_date": "2023-10-16T06:26:18Z",
            "description": "",
            "force_detach_policies": false,
            "id": "uat-eks-node-group-role",
            "inline_policy": [],
            "managed_policy_arns": [
              "arn:aws:iam::aws:policy/AmazonEC2ContainerRegistryReadOnly",
              "arn:aws:iam::aws:policy/AmazonEKSWorkerNodePolicy",
              "arn:aws:iam::aws:policy/AmazonEKS_CNI_Policy",
              "arn:aws:iam::aws:policy/AmazonS3FullAccess",
              "arn:aws:iam::aws:policy/service-role/AmazonEBSCSIDriverPolicy"
            ],
            "max_session_duration": 3600,
            "name": "uat-eks-node-group-role",
            "name_prefix": "",
            "path": "/",
            "permissions_boundary": null,
            "tags": {},
            "tags_all": {},
            "unique_id": "AROA2TU3ZTPX2RYG4YWXR"
          },
          "sensitive_attributes": [],
          "private": "bnVsbA=="
        }
      ]
    },
    {
      "module": "module.module_uat",
      "mode": "managed",
      "type": "aws_iam_role_policy_attachment",
      "name": "amazon_ebs_csi_driver_policy",
      "provider": "provider[\"registry.terraform.io/hashicorp/aws\"].apsouth1",
      "instances": [
        {
          "schema_version": 0,
          "attributes": {
            "id": "uat-eks-node-group-role-20231016062621239000000006",
            "policy_arn": "arn:aws:iam::aws:policy/service-role/AmazonEBSCSIDriverPolicy",
            "role": "uat-eks-node-group-role"
          },
          "sensitive_attributes": [],
          "private": "bnVsbA==",
          "dependencies": [
            "module.module_uat.aws_iam_role.eks_nodegroup_role"
          ]
        }
      ]
    },
    {
      "module": "module.module_uat",
      "mode": "managed",
      "type": "aws_iam_role_policy_attachment",
      "name": "amazon_s3_policy",
      "provider": "provider[\"registry.terraform.io/hashicorp/aws\"].apsouth1",
      "instances": [
        {
          "schema_version": 0,
          "attributes": {
            "id": "uat-eks-node-group-role-20231016062620684300000002",
            "policy_arn": "arn:aws:iam::aws:policy/AmazonS3FullAccess",
            "role": "uat-eks-node-group-role"
          },
          "sensitive_attributes": [],
          "private": "bnVsbA==",
          "dependencies": [
            "module.module_uat.aws_iam_role.eks_nodegroup_role"
          ]
        }
      ]
    },
    {
      "module": "module.module_uat",
      "mode": "managed",
      "type": "aws_iam_role_policy_attachment",
      "name": "ec2_container_registry_read_only",
      "provider": "provider[\"registry.terraform.io/hashicorp/aws\"].apsouth1",
      "instances": [
        {
          "schema_version": 0,
          "attributes": {
            "id": "uat-eks-node-group-role-20231016062620966100000004",
            "policy_arn": "arn:aws:iam::aws:policy/AmazonEC2ContainerRegistryReadOnly",
            "role": "uat-eks-node-group-role"
          },
          "sensitive_attributes": [],
          "private": "bnVsbA==",
          "dependencies": [
            "module.module_uat.aws_iam_role.eks_nodegroup_role"
          ]
        }
      ]
    },
    {
      "module": "module.module_uat",
      "mode": "managed",
      "type": "aws_iam_role_policy_attachment",
      "name": "eks_cluster_policy",
      "provider": "provider[\"registry.terraform.io/hashicorp/aws\"].apsouth1",
      "instances": [
        {
          "schema_version": 0,
          "attributes": {
            "id": "uat-eks-cluster-role-20231016062621234200000005",
            "policy_arn": "arn:aws:iam::aws:policy/AmazonEKSClusterPolicy",
            "role": "uat-eks-cluster-role"
          },
          "sensitive_attributes": [],
          "private": "bnVsbA==",
          "dependencies": [
            "module.module_uat.aws_iam_role.eks_cluster_role"
          ]
        }
      ]
    },
    {
      "module": "module.module_uat",
      "mode": "managed",
      "type": "aws_iam_role_policy_attachment",
      "name": "eks_cni_policy",
      "provider": "provider[\"registry.terraform.io/hashicorp/aws\"].apsouth1",
      "instances": [
        {
          "schema_version": 0,
          "attributes": {
            "id": "uat-eks-node-group-role-20231016062620966100000003",
            "policy_arn": "arn:aws:iam::aws:policy/AmazonEKS_CNI_Policy",
            "role": "uat-eks-node-group-role"
          },
          "sensitive_attributes": [],
          "private": "bnVsbA==",
          "dependencies": [
            "module.module_uat.aws_iam_role.eks_nodegroup_role"
          ]
        }
      ]
    },
    {
      "module": "module.module_uat",
      "mode": "managed",
      "type": "aws_iam_role_policy_attachment",
      "name": "eks_worker_node_policy",
      "provider": "provider[\"registry.terraform.io/hashicorp/aws\"].apsouth1",
      "instances": [
        {
          "schema_version": 0,
          "attributes": {
            "id": "uat-eks-node-group-role-20231016062620679400000001",
            "policy_arn": "arn:aws:iam::aws:policy/AmazonEKSWorkerNodePolicy",
            "role": "uat-eks-node-group-role"
          },
          "sensitive_attributes": [],
          "private": "bnVsbA==",
          "dependencies": [
            "module.module_uat.aws_iam_role.eks_nodegroup_role"
          ]
        }
      ]
    },
    {
      "module": "module.module_vpc",
      "mode": "data",
      "type": "aws_availability_zones",
      "name": "available",
      "provider": "provider[\"registry.terraform.io/hashicorp/aws\"]",
      "instances": [
        {
          "schema_version": 0,
          "attributes": {
            "all_availability_zones": null,
            "exclude_names": null,
            "exclude_zone_ids": null,
            "filter": null,
            "group_names": [
              "us-east-1"
            ],
            "id": "us-east-1",
            "names": [
              "us-east-1a",
              "us-east-1b",
              "us-east-1c",
              "us-east-1d",
              "us-east-1e",
              "us-east-1f"
            ],
            "state": null,
            "timeouts": null,
            "zone_ids": [
              "use1-az6",
              "use1-az1",
              "use1-az2",
              "use1-az4",
              "use1-az3",
              "use1-az5"
            ]
          },
          "sensitive_attributes": []
        }
      ]
    },
    {
      "module": "module.module_vpc.module.vpc",
      "mode": "managed",
      "type": "aws_default_network_acl",
      "name": "this",
      "provider": "provider[\"registry.terraform.io/hashicorp/aws\"]",
      "instances": [
        {
          "index_key": 0,
          "schema_version": 0,
          "attributes": {
            "arn": "arn:aws:ec2:us-east-1:729397435375:network-acl/acl-0a8abb471644ce0ed",
            "default_network_acl_id": "acl-0a8abb471644ce0ed",
            "egress": [
              {
                "action": "allow",
                "cidr_block": "",
                "from_port": 0,
                "icmp_code": 0,
                "icmp_type": 0,
                "ipv6_cidr_block": "::/0",
                "protocol": "-1",
                "rule_no": 101,
                "to_port": 0
              },
              {
                "action": "allow",
                "cidr_block": "0.0.0.0/0",
                "from_port": 0,
                "icmp_code": 0,
                "icmp_type": 0,
                "ipv6_cidr_block": "",
                "protocol": "-1",
                "rule_no": 100,
                "to_port": 0
              }
            ],
            "id": "acl-0a8abb471644ce0ed",
            "ingress": [
              {
                "action": "allow",
                "cidr_block": "",
                "from_port": 0,
                "icmp_code": 0,
                "icmp_type": 0,
                "ipv6_cidr_block": "::/0",
                "protocol": "-1",
                "rule_no": 101,
                "to_port": 0
              },
              {
                "action": "allow",
                "cidr_block": "0.0.0.0/0",
                "from_port": 0,
                "icmp_code": 0,
                "icmp_type": 0,
                "ipv6_cidr_block": "",
                "protocol": "-1",
                "rule_no": 100,
                "to_port": 0
              }
            ],
            "owner_id": "729397435375",
            "subnet_ids": [
              "subnet-00012e6d44b24475c",
              "subnet-026ed9c8a85992bb1",
              "subnet-082c1eb021229acbc",
              "subnet-08ab41500e7101b06",
              "subnet-0a25b59ecb363cee1",
              "subnet-0c2bffd8602b7b913"
            ],
            "tags": {
              "Name": "iu-dev-data-platform-vpc-default",
              "kubernetes.io/cluster/iu-dev-data-platform-eks-cluster": "shared"
            },
            "tags_all": {
              "Name": "iu-dev-data-platform-vpc-default",
              "kubernetes.io/cluster/iu-dev-data-platform-eks-cluster": "shared"
            },
            "vpc_id": "vpc-068ad57d05edf7b40"
          },
          "sensitive_attributes": [],
          "private": "bnVsbA==",
          "dependencies": [
            "module.module_vpc.module.vpc.aws_vpc.this"
          ]
        }
      ]
    },
    {
      "module": "module.module_vpc.module.vpc",
      "mode": "managed",
      "type": "aws_default_route_table",
      "name": "default",
      "provider": "provider[\"registry.terraform.io/hashicorp/aws\"]",
      "instances": [
        {
          "index_key": 0,
          "schema_version": 0,
          "attributes": {
            "arn": "arn:aws:ec2:us-east-1:729397435375:route-table/rtb-0f1828533973a7080",
            "default_route_table_id": "rtb-0f1828533973a7080",
            "id": "rtb-0f1828533973a7080",
            "owner_id": "729397435375",
            "propagating_vgws": [],
            "route": [],
            "tags": {
              "Name": "iu-dev-data-platform-vpc-default",
              "kubernetes.io/cluster/iu-dev-data-platform-eks-cluster": "shared"
            },
            "tags_all": {
              "Name": "iu-dev-data-platform-vpc-default",
              "kubernetes.io/cluster/iu-dev-data-platform-eks-cluster": "shared"
            },
            "timeouts": {
              "create": "5m",
              "update": "5m"
            },
            "vpc_id": "vpc-068ad57d05edf7b40"
          },
          "sensitive_attributes": [],
          "private": "eyJlMmJmYjczMC1lY2FhLTExZTYtOGY4OC0zNDM2M2JjN2M0YzAiOnsiY3JlYXRlIjozMDAwMDAwMDAwMDAsInVwZGF0ZSI6MzAwMDAwMDAwMDAwfX0=",
          "dependencies": [
            "module.module_vpc.module.vpc.aws_vpc.this"
          ]
        }
      ]
    },
    {
      "module": "module.module_vpc.module.vpc",
      "mode": "managed",
      "type": "aws_default_security_group",
      "name": "this",
      "provider": "provider[\"registry.terraform.io/hashicorp/aws\"]",
      "instances": [
        {
          "index_key": 0,
          "schema_version": 1,
          "attributes": {
            "arn": "arn:aws:ec2:us-east-1:729397435375:security-group/sg-0274cea81039b8bdf",
            "description": "default VPC security group",
            "egress": [],
            "id": "sg-0274cea81039b8bdf",
            "ingress": [],
            "name": "default",
            "name_prefix": "",
            "owner_id": "729397435375",
            "revoke_rules_on_delete": false,
            "tags": {
              "Name": "iu-dev-data-platform-vpc-default",
              "kubernetes.io/cluster/iu-dev-data-platform-eks-cluster": "shared"
            },
            "tags_all": {
              "Name": "iu-dev-data-platform-vpc-default",
              "kubernetes.io/cluster/iu-dev-data-platform-eks-cluster": "shared"
            },
            "vpc_id": "vpc-068ad57d05edf7b40"
          },
          "sensitive_attributes": [],
          "private": "eyJzY2hlbWFfdmVyc2lvbiI6IjEifQ==",
          "dependencies": [
            "module.module_vpc.module.vpc.aws_vpc.this"
          ]
        }
      ]
    },
    {
      "module": "module.module_vpc.module.vpc",
      "mode": "managed",
      "type": "aws_eip",
      "name": "nat",
      "provider": "provider[\"registry.terraform.io/hashicorp/aws\"]",
      "instances": [
        {
          "index_key": 0,
          "schema_version": 0,
          "attributes": {
            "address": null,
            "allocation_id": "eipalloc-0eccad3510e5a382b",
            "associate_with_private_ip": null,
            "association_id": "eipassoc-083fa69de45705170",
            "carrier_ip": "",
            "customer_owned_ip": "",
            "customer_owned_ipv4_pool": "",
            "domain": "vpc",
            "id": "eipalloc-0eccad3510e5a382b",
            "instance": "",
            "network_border_group": "us-east-1",
            "network_interface": "eni-0e487281810eb7f28",
            "private_dns": "ip-10-0-4-225.ec2.internal",
            "private_ip": "10.0.4.225",
            "public_dns": "ec2-34-192-74-72.compute-1.amazonaws.com",
            "public_ip": "34.192.74.72",
            "public_ipv4_pool": "amazon",
            "tags": {
              "Name": "iu-dev-data-platform-vpc-us-east-1a",
              "kubernetes.io/cluster/iu-dev-data-platform-eks-cluster": "shared"
            },
            "tags_all": {
              "Name": "iu-dev-data-platform-vpc-us-east-1a",
              "kubernetes.io/cluster/iu-dev-data-platform-eks-cluster": "shared"
            },
            "timeouts": null,
            "vpc": true
          },
          "sensitive_attributes": [],
          "private": "eyJlMmJmYjczMC1lY2FhLTExZTYtOGY4OC0zNDM2M2JjN2M0YzAiOnsiZGVsZXRlIjoxODAwMDAwMDAwMDAsInJlYWQiOjkwMDAwMDAwMDAwMCwidXBkYXRlIjozMDAwMDAwMDAwMDB9fQ==",
          "dependencies": [
            "module.module_vpc.data.aws_availability_zones.available",
            "module.module_vpc.module.vpc.aws_internet_gateway.this",
            "module.module_vpc.module.vpc.aws_vpc.this",
            "module.module_vpc.module.vpc.aws_vpc_ipv4_cidr_block_association.this"
          ]
        }
      ]
    },
    {
      "module": "module.module_vpc.module.vpc",
      "mode": "managed",
      "type": "aws_internet_gateway",
      "name": "this",
      "provider": "provider[\"registry.terraform.io/hashicorp/aws\"]",
      "instances": [
        {
          "index_key": 0,
          "schema_version": 0,
          "attributes": {
            "arn": "arn:aws:ec2:us-east-1:729397435375:internet-gateway/igw-0c1251c2c5b30cc54",
            "id": "igw-0c1251c2c5b30cc54",
            "owner_id": "729397435375",
            "tags": {
              "Name": "iu-dev-data-platform-vpc",
              "kubernetes.io/cluster/iu-dev-data-platform-eks-cluster": "shared"
            },
            "tags_all": {
              "Name": "iu-dev-data-platform-vpc",
              "kubernetes.io/cluster/iu-dev-data-platform-eks-cluster": "shared"
            },
            "timeouts": null,
            "vpc_id": "vpc-068ad57d05edf7b40"
          },
          "sensitive_attributes": [],
          "private": "eyJlMmJmYjczMC1lY2FhLTExZTYtOGY4OC0zNDM2M2JjN2M0YzAiOnsiY3JlYXRlIjoxMjAwMDAwMDAwMDAwLCJkZWxldGUiOjEyMDAwMDAwMDAwMDAsInVwZGF0ZSI6MTIwMDAwMDAwMDAwMH19",
          "dependencies": [
            "module.module_vpc.module.vpc.aws_vpc.this",
            "module.module_vpc.module.vpc.aws_vpc_ipv4_cidr_block_association.this"
          ]
        }
      ]
    },
    {
      "module": "module.module_vpc.module.vpc",
      "mode": "managed",
      "type": "aws_nat_gateway",
      "name": "this",
      "provider": "provider[\"registry.terraform.io/hashicorp/aws\"]",
      "instances": [
        {
          "index_key": 0,
          "schema_version": 0,
          "attributes": {
            "allocation_id": "eipalloc-0eccad3510e5a382b",
            "association_id": "eipassoc-083fa69de45705170",
            "connectivity_type": "public",
            "id": "nat-0aea7d7ce8486823b",
            "network_interface_id": "eni-0e487281810eb7f28",
            "private_ip": "10.0.4.225",
            "public_ip": "34.192.74.72",
            "secondary_allocation_ids": [],
            "secondary_private_ip_address_count": 0,
            "secondary_private_ip_addresses": [],
            "subnet_id": "subnet-0a25b59ecb363cee1",
            "tags": {
              "Name": "iu-dev-data-platform-vpc-us-east-1a",
              "kubernetes.io/cluster/iu-dev-data-platform-eks-cluster": "shared"
            },
            "tags_all": {
              "Name": "iu-dev-data-platform-vpc-us-east-1a",
              "kubernetes.io/cluster/iu-dev-data-platform-eks-cluster": "shared"
            },
            "timeouts": null
          },
          "sensitive_attributes": [],
          "private": "eyJlMmJmYjczMC1lY2FhLTExZTYtOGY4OC0zNDM2M2JjN2M0YzAiOnsiY3JlYXRlIjo2MDAwMDAwMDAwMDAsImRlbGV0ZSI6MTgwMDAwMDAwMDAwMCwidXBkYXRlIjo2MDAwMDAwMDAwMDB9fQ==",
          "dependencies": [
            "module.module_vpc.data.aws_availability_zones.available",
            "module.module_vpc.module.vpc.aws_eip.nat",
            "module.module_vpc.module.vpc.aws_internet_gateway.this",
            "module.module_vpc.module.vpc.aws_subnet.public",
            "module.module_vpc.module.vpc.aws_vpc.this",
            "module.module_vpc.module.vpc.aws_vpc_ipv4_cidr_block_association.this"
          ]
        }
      ]
    },
    {
      "module": "module.module_vpc.module.vpc",
      "mode": "managed",
      "type": "aws_route",
      "name": "private_nat_gateway",
      "provider": "provider[\"registry.terraform.io/hashicorp/aws\"]",
      "instances": [
        {
          "index_key": 0,
          "schema_version": 0,
          "attributes": {
            "carrier_gateway_id": "",
            "core_network_arn": "",
            "destination_cidr_block": "0.0.0.0/0",
            "destination_ipv6_cidr_block": "",
            "destination_prefix_list_id": "",
            "egress_only_gateway_id": "",
            "gateway_id": "",
            "id": "r-rtb-03b3c996c89b096021080289494",
            "instance_id": "",
            "instance_owner_id": "",
            "local_gateway_id": "",
            "nat_gateway_id": "nat-0aea7d7ce8486823b",
            "network_interface_id": "",
            "origin": "CreateRoute",
            "route_table_id": "rtb-03b3c996c89b09602",
            "state": "active",
            "timeouts": {
              "create": "5m",
              "delete": null,
              "update": null
            },
            "transit_gateway_id": "",
            "vpc_endpoint_id": "",
            "vpc_peering_connection_id": ""
          },
          "sensitive_attributes": [],
          "private": "eyJlMmJmYjczMC1lY2FhLTExZTYtOGY4OC0zNDM2M2JjN2M0YzAiOnsiY3JlYXRlIjozMDAwMDAwMDAwMDAsImRlbGV0ZSI6MzAwMDAwMDAwMDAwLCJ1cGRhdGUiOjEyMDAwMDAwMDAwMH19",
          "dependencies": [
            "module.module_vpc.data.aws_availability_zones.available",
            "module.module_vpc.module.vpc.aws_eip.nat",
            "module.module_vpc.module.vpc.aws_internet_gateway.this",
            "module.module_vpc.module.vpc.aws_nat_gateway.this",
            "module.module_vpc.module.vpc.aws_route_table.private",
            "module.module_vpc.module.vpc.aws_subnet.public",
            "module.module_vpc.module.vpc.aws_vpc.this",
            "module.module_vpc.module.vpc.aws_vpc_ipv4_cidr_block_association.this"
          ]
        }
      ]
    },
    {
      "module": "module.module_vpc.module.vpc",
      "mode": "managed",
      "type": "aws_route",
      "name": "public_internet_gateway",
      "provider": "provider[\"registry.terraform.io/hashicorp/aws\"]",
      "instances": [
        {
          "index_key": 0,
          "schema_version": 0,
          "attributes": {
            "carrier_gateway_id": "",
            "core_network_arn": "",
            "destination_cidr_block": "0.0.0.0/0",
            "destination_ipv6_cidr_block": "",
            "destination_prefix_list_id": "",
            "egress_only_gateway_id": "",
            "gateway_id": "igw-0c1251c2c5b30cc54",
            "id": "r-rtb-0cb116bdd1c3764c11080289494",
            "instance_id": "",
            "instance_owner_id": "",
            "local_gateway_id": "",
            "nat_gateway_id": "",
            "network_interface_id": "",
            "origin": "CreateRoute",
            "route_table_id": "rtb-0cb116bdd1c3764c1",
            "state": "active",
            "timeouts": {
              "create": "5m",
              "delete": null,
              "update": null
            },
            "transit_gateway_id": "",
            "vpc_endpoint_id": "",
            "vpc_peering_connection_id": ""
          },
          "sensitive_attributes": [],
          "private": "eyJlMmJmYjczMC1lY2FhLTExZTYtOGY4OC0zNDM2M2JjN2M0YzAiOnsiY3JlYXRlIjozMDAwMDAwMDAwMDAsImRlbGV0ZSI6MzAwMDAwMDAwMDAwLCJ1cGRhdGUiOjEyMDAwMDAwMDAwMH19",
          "dependencies": [
            "module.module_vpc.module.vpc.aws_internet_gateway.this",
            "module.module_vpc.module.vpc.aws_route_table.public",
            "module.module_vpc.module.vpc.aws_vpc.this",
            "module.module_vpc.module.vpc.aws_vpc_ipv4_cidr_block_association.this"
          ]
        }
      ]
    },
    {
      "module": "module.module_vpc.module.vpc",
      "mode": "managed",
      "type": "aws_route_table",
      "name": "private",
      "provider": "provider[\"registry.terraform.io/hashicorp/aws\"]",
      "instances": [
        {
          "index_key": 0,
          "schema_version": 0,
          "attributes": {
            "arn": "arn:aws:ec2:us-east-1:729397435375:route-table/rtb-03b3c996c89b09602",
            "id": "rtb-03b3c996c89b09602",
            "owner_id": "729397435375",
            "propagating_vgws": [],
            "route": [
              {
                "carrier_gateway_id": "",
                "cidr_block": "0.0.0.0/0",
                "core_network_arn": "",
                "destination_prefix_list_id": "",
                "egress_only_gateway_id": "",
                "gateway_id": "",
                "ipv6_cidr_block": "",
                "local_gateway_id": "",
                "nat_gateway_id": "nat-0aea7d7ce8486823b",
                "network_interface_id": "",
                "transit_gateway_id": "",
                "vpc_endpoint_id": "",
                "vpc_peering_connection_id": ""
              }
            ],
            "tags": {
              "Name": "iu-dev-data-platform-vpc-private",
              "kubernetes.io/cluster/iu-dev-data-platform-eks-cluster": "shared"
            },
            "tags_all": {
              "Name": "iu-dev-data-platform-vpc-private",
              "kubernetes.io/cluster/iu-dev-data-platform-eks-cluster": "shared"
            },
            "timeouts": null,
            "vpc_id": "vpc-068ad57d05edf7b40"
          },
          "sensitive_attributes": [],
          "private": "eyJlMmJmYjczMC1lY2FhLTExZTYtOGY4OC0zNDM2M2JjN2M0YzAiOnsiY3JlYXRlIjozMDAwMDAwMDAwMDAsImRlbGV0ZSI6MzAwMDAwMDAwMDAwLCJ1cGRhdGUiOjEyMDAwMDAwMDAwMH19",
          "dependencies": [
            "module.module_vpc.data.aws_availability_zones.available",
            "module.module_vpc.module.vpc.aws_vpc.this",
            "module.module_vpc.module.vpc.aws_vpc_ipv4_cidr_block_association.this"
          ]
        }
      ]
    },
    {
      "module": "module.module_vpc.module.vpc",
      "mode": "managed",
      "type": "aws_route_table",
      "name": "public",
      "provider": "provider[\"registry.terraform.io/hashicorp/aws\"]",
      "instances": [
        {
          "index_key": 0,
          "schema_version": 0,
          "attributes": {
            "arn": "arn:aws:ec2:us-east-1:729397435375:route-table/rtb-0cb116bdd1c3764c1",
            "id": "rtb-0cb116bdd1c3764c1",
            "owner_id": "729397435375",
            "propagating_vgws": [],
            "route": [
              {
                "carrier_gateway_id": "",
                "cidr_block": "0.0.0.0/0",
                "core_network_arn": "",
                "destination_prefix_list_id": "",
                "egress_only_gateway_id": "",
                "gateway_id": "igw-0c1251c2c5b30cc54",
                "ipv6_cidr_block": "",
                "local_gateway_id": "",
                "nat_gateway_id": "",
                "network_interface_id": "",
                "transit_gateway_id": "",
                "vpc_endpoint_id": "",
                "vpc_peering_connection_id": ""
              }
            ],
            "tags": {
              "Name": "iu-dev-data-platform-vpc-public",
              "kubernetes.io/cluster/iu-dev-data-platform-eks-cluster": "shared"
            },
            "tags_all": {
              "Name": "iu-dev-data-platform-vpc-public",
              "kubernetes.io/cluster/iu-dev-data-platform-eks-cluster": "shared"
            },
            "timeouts": null,
            "vpc_id": "vpc-068ad57d05edf7b40"
          },
          "sensitive_attributes": [],
          "private": "eyJlMmJmYjczMC1lY2FhLTExZTYtOGY4OC0zNDM2M2JjN2M0YzAiOnsiY3JlYXRlIjozMDAwMDAwMDAwMDAsImRlbGV0ZSI6MzAwMDAwMDAwMDAwLCJ1cGRhdGUiOjEyMDAwMDAwMDAwMH19",
          "dependencies": [
            "module.module_vpc.module.vpc.aws_vpc.this",
            "module.module_vpc.module.vpc.aws_vpc_ipv4_cidr_block_association.this"
          ]
        }
      ]
    },
    {
      "module": "module.module_vpc.module.vpc",
      "mode": "managed",
      "type": "aws_route_table_association",
      "name": "private",
      "provider": "provider[\"registry.terraform.io/hashicorp/aws\"]",
      "instances": [
        {
          "index_key": 0,
          "schema_version": 0,
          "attributes": {
            "gateway_id": "",
            "id": "rtbassoc-0f6249d608adc8933",
            "route_table_id": "rtb-03b3c996c89b09602",
            "subnet_id": "subnet-08ab41500e7101b06",
            "timeouts": null
          },
          "sensitive_attributes": [],
          "private": "eyJlMmJmYjczMC1lY2FhLTExZTYtOGY4OC0zNDM2M2JjN2M0YzAiOnsiY3JlYXRlIjozMDAwMDAwMDAwMDAsImRlbGV0ZSI6MzAwMDAwMDAwMDAwLCJ1cGRhdGUiOjEyMDAwMDAwMDAwMH19",
          "dependencies": [
            "module.module_vpc.data.aws_availability_zones.available",
            "module.module_vpc.module.vpc.aws_route_table.private",
            "module.module_vpc.module.vpc.aws_subnet.private",
            "module.module_vpc.module.vpc.aws_vpc.this",
            "module.module_vpc.module.vpc.aws_vpc_ipv4_cidr_block_association.this"
          ]
        },
        {
          "index_key": 1,
          "schema_version": 0,
          "attributes": {
            "gateway_id": "",
            "id": "rtbassoc-0f47f65aa45ae7cab",
            "route_table_id": "rtb-03b3c996c89b09602",
            "subnet_id": "subnet-0c2bffd8602b7b913",
            "timeouts": null
          },
          "sensitive_attributes": [],
          "private": "eyJlMmJmYjczMC1lY2FhLTExZTYtOGY4OC0zNDM2M2JjN2M0YzAiOnsiY3JlYXRlIjozMDAwMDAwMDAwMDAsImRlbGV0ZSI6MzAwMDAwMDAwMDAwLCJ1cGRhdGUiOjEyMDAwMDAwMDAwMH19",
          "dependencies": [
            "module.module_vpc.data.aws_availability_zones.available",
            "module.module_vpc.module.vpc.aws_route_table.private",
            "module.module_vpc.module.vpc.aws_subnet.private",
            "module.module_vpc.module.vpc.aws_vpc.this",
            "module.module_vpc.module.vpc.aws_vpc_ipv4_cidr_block_association.this"
          ]
        },
        {
          "index_key": 2,
          "schema_version": 0,
          "attributes": {
            "gateway_id": "",
            "id": "rtbassoc-029c6028967d0089c",
            "route_table_id": "rtb-03b3c996c89b09602",
            "subnet_id": "subnet-082c1eb021229acbc",
            "timeouts": null
          },
          "sensitive_attributes": [],
          "private": "eyJlMmJmYjczMC1lY2FhLTExZTYtOGY4OC0zNDM2M2JjN2M0YzAiOnsiY3JlYXRlIjozMDAwMDAwMDAwMDAsImRlbGV0ZSI6MzAwMDAwMDAwMDAwLCJ1cGRhdGUiOjEyMDAwMDAwMDAwMH19",
          "dependencies": [
            "module.module_vpc.data.aws_availability_zones.available",
            "module.module_vpc.module.vpc.aws_route_table.private",
            "module.module_vpc.module.vpc.aws_subnet.private",
            "module.module_vpc.module.vpc.aws_vpc.this",
            "module.module_vpc.module.vpc.aws_vpc_ipv4_cidr_block_association.this"
          ]
        }
      ]
    },
    {
      "module": "module.module_vpc.module.vpc",
      "mode": "managed",
      "type": "aws_route_table_association",
      "name": "public",
      "provider": "provider[\"registry.terraform.io/hashicorp/aws\"]",
      "instances": [
        {
          "index_key": 0,
          "schema_version": 0,
          "attributes": {
            "gateway_id": "",
            "id": "rtbassoc-0cd349f34b3783c49",
            "route_table_id": "rtb-0cb116bdd1c3764c1",
            "subnet_id": "subnet-0a25b59ecb363cee1",
            "timeouts": null
          },
          "sensitive_attributes": [],
          "private": "eyJlMmJmYjczMC1lY2FhLTExZTYtOGY4OC0zNDM2M2JjN2M0YzAiOnsiY3JlYXRlIjozMDAwMDAwMDAwMDAsImRlbGV0ZSI6MzAwMDAwMDAwMDAwLCJ1cGRhdGUiOjEyMDAwMDAwMDAwMH19",
          "dependencies": [
            "module.module_vpc.data.aws_availability_zones.available",
            "module.module_vpc.module.vpc.aws_route_table.public",
            "module.module_vpc.module.vpc.aws_subnet.public",
            "module.module_vpc.module.vpc.aws_vpc.this",
            "module.module_vpc.module.vpc.aws_vpc_ipv4_cidr_block_association.this"
          ]
        },
        {
          "index_key": 1,
          "schema_version": 0,
          "attributes": {
            "gateway_id": "",
            "id": "rtbassoc-0f2308eb5965789ad",
            "route_table_id": "rtb-0cb116bdd1c3764c1",
            "subnet_id": "subnet-026ed9c8a85992bb1",
            "timeouts": null
          },
          "sensitive_attributes": [],
          "private": "eyJlMmJmYjczMC1lY2FhLTExZTYtOGY4OC0zNDM2M2JjN2M0YzAiOnsiY3JlYXRlIjozMDAwMDAwMDAwMDAsImRlbGV0ZSI6MzAwMDAwMDAwMDAwLCJ1cGRhdGUiOjEyMDAwMDAwMDAwMH19",
          "dependencies": [
            "module.module_vpc.data.aws_availability_zones.available",
            "module.module_vpc.module.vpc.aws_route_table.public",
            "module.module_vpc.module.vpc.aws_subnet.public",
            "module.module_vpc.module.vpc.aws_vpc.this",
            "module.module_vpc.module.vpc.aws_vpc_ipv4_cidr_block_association.this"
          ]
        },
        {
          "index_key": 2,
          "schema_version": 0,
          "attributes": {
            "gateway_id": "",
            "id": "rtbassoc-04969ad839cd934d7",
            "route_table_id": "rtb-0cb116bdd1c3764c1",
            "subnet_id": "subnet-00012e6d44b24475c",
            "timeouts": null
          },
          "sensitive_attributes": [],
          "private": "eyJlMmJmYjczMC1lY2FhLTExZTYtOGY4OC0zNDM2M2JjN2M0YzAiOnsiY3JlYXRlIjozMDAwMDAwMDAwMDAsImRlbGV0ZSI6MzAwMDAwMDAwMDAwLCJ1cGRhdGUiOjEyMDAwMDAwMDAwMH19",
          "dependencies": [
            "module.module_vpc.data.aws_availability_zones.available",
            "module.module_vpc.module.vpc.aws_route_table.public",
            "module.module_vpc.module.vpc.aws_subnet.public",
            "module.module_vpc.module.vpc.aws_vpc.this",
            "module.module_vpc.module.vpc.aws_vpc_ipv4_cidr_block_association.this"
          ]
        }
      ]
    },
    {
      "module": "module.module_vpc.module.vpc",
      "mode": "managed",
      "type": "aws_subnet",
      "name": "private",
      "provider": "provider[\"registry.terraform.io/hashicorp/aws\"]",
      "instances": [
        {
          "index_key": 0,
          "schema_version": 1,
          "attributes": {
            "arn": "arn:aws:ec2:us-east-1:729397435375:subnet/subnet-08ab41500e7101b06",
            "assign_ipv6_address_on_creation": false,
            "availability_zone": "us-east-1a",
            "availability_zone_id": "use1-az6",
            "cidr_block": "10.0.1.0/24",
            "customer_owned_ipv4_pool": "",
            "enable_dns64": false,
            "enable_lni_at_device_index": 0,
            "enable_resource_name_dns_a_record_on_launch": false,
            "enable_resource_name_dns_aaaa_record_on_launch": false,
            "id": "subnet-08ab41500e7101b06",
            "ipv6_cidr_block": "",
            "ipv6_cidr_block_association_id": "",
            "ipv6_native": false,
            "map_customer_owned_ip_on_launch": false,
            "map_public_ip_on_launch": false,
            "outpost_arn": "",
            "owner_id": "729397435375",
            "private_dns_hostname_type_on_launch": "ip-name",
            "tags": {
              "Name": "iu-dev-data-platform-vpc-private-us-east-1a",
              "kubernetes.io/cluster/iu-dev-data-platform-eks-cluster": "shared",
              "kubernetes.io/role/internal-elb": "1"
            },
            "tags_all": {
              "Name": "iu-dev-data-platform-vpc-private-us-east-1a",
              "kubernetes.io/cluster/iu-dev-data-platform-eks-cluster": "shared",
              "kubernetes.io/role/internal-elb": "1"
            },
            "timeouts": null,
            "vpc_id": "vpc-068ad57d05edf7b40"
          },
          "sensitive_attributes": [],
          "private": "eyJlMmJmYjczMC1lY2FhLTExZTYtOGY4OC0zNDM2M2JjN2M0YzAiOnsiY3JlYXRlIjo2MDAwMDAwMDAwMDAsImRlbGV0ZSI6MTIwMDAwMDAwMDAwMH0sInNjaGVtYV92ZXJzaW9uIjoiMSJ9",
          "dependencies": [
            "module.module_vpc.data.aws_availability_zones.available",
            "module.module_vpc.module.vpc.aws_vpc.this",
            "module.module_vpc.module.vpc.aws_vpc_ipv4_cidr_block_association.this"
          ]
        },
        {
          "index_key": 1,
          "schema_version": 1,
          "attributes": {
            "arn": "arn:aws:ec2:us-east-1:729397435375:subnet/subnet-0c2bffd8602b7b913",
            "assign_ipv6_address_on_creation": false,
            "availability_zone": "us-east-1b",
            "availability_zone_id": "use1-az1",
            "cidr_block": "10.0.2.0/24",
            "customer_owned_ipv4_pool": "",
            "enable_dns64": false,
            "enable_lni_at_device_index": 0,
            "enable_resource_name_dns_a_record_on_launch": false,
            "enable_resource_name_dns_aaaa_record_on_launch": false,
            "id": "subnet-0c2bffd8602b7b913",
            "ipv6_cidr_block": "",
            "ipv6_cidr_block_association_id": "",
            "ipv6_native": false,
            "map_customer_owned_ip_on_launch": false,
            "map_public_ip_on_launch": false,
            "outpost_arn": "",
            "owner_id": "729397435375",
            "private_dns_hostname_type_on_launch": "ip-name",
            "tags": {
              "Name": "iu-dev-data-platform-vpc-private-us-east-1b",
              "kubernetes.io/cluster/iu-dev-data-platform-eks-cluster": "shared",
              "kubernetes.io/role/internal-elb": "1"
            },
            "tags_all": {
              "Name": "iu-dev-data-platform-vpc-private-us-east-1b",
              "kubernetes.io/cluster/iu-dev-data-platform-eks-cluster": "shared",
              "kubernetes.io/role/internal-elb": "1"
            },
            "timeouts": null,
            "vpc_id": "vpc-068ad57d05edf7b40"
          },
          "sensitive_attributes": [],
          "private": "eyJlMmJmYjczMC1lY2FhLTExZTYtOGY4OC0zNDM2M2JjN2M0YzAiOnsiY3JlYXRlIjo2MDAwMDAwMDAwMDAsImRlbGV0ZSI6MTIwMDAwMDAwMDAwMH0sInNjaGVtYV92ZXJzaW9uIjoiMSJ9",
          "dependencies": [
            "module.module_vpc.data.aws_availability_zones.available",
            "module.module_vpc.module.vpc.aws_vpc.this",
            "module.module_vpc.module.vpc.aws_vpc_ipv4_cidr_block_association.this"
          ]
        },
        {
          "index_key": 2,
          "schema_version": 1,
          "attributes": {
            "arn": "arn:aws:ec2:us-east-1:729397435375:subnet/subnet-082c1eb021229acbc",
            "assign_ipv6_address_on_creation": false,
            "availability_zone": "us-east-1c",
            "availability_zone_id": "use1-az2",
            "cidr_block": "10.0.3.0/24",
            "customer_owned_ipv4_pool": "",
            "enable_dns64": false,
            "enable_lni_at_device_index": 0,
            "enable_resource_name_dns_a_record_on_launch": false,
            "enable_resource_name_dns_aaaa_record_on_launch": false,
            "id": "subnet-082c1eb021229acbc",
            "ipv6_cidr_block": "",
            "ipv6_cidr_block_association_id": "",
            "ipv6_native": false,
            "map_customer_owned_ip_on_launch": false,
            "map_public_ip_on_launch": false,
            "outpost_arn": "",
            "owner_id": "729397435375",
            "private_dns_hostname_type_on_launch": "ip-name",
            "tags": {
              "Name": "iu-dev-data-platform-vpc-private-us-east-1c",
              "kubernetes.io/cluster/iu-dev-data-platform-eks-cluster": "shared",
              "kubernetes.io/role/internal-elb": "1"
            },
            "tags_all": {
              "Name": "iu-dev-data-platform-vpc-private-us-east-1c",
              "kubernetes.io/cluster/iu-dev-data-platform-eks-cluster": "shared",
              "kubernetes.io/role/internal-elb": "1"
            },
            "timeouts": null,
            "vpc_id": "vpc-068ad57d05edf7b40"
          },
          "sensitive_attributes": [],
          "private": "eyJlMmJmYjczMC1lY2FhLTExZTYtOGY4OC0zNDM2M2JjN2M0YzAiOnsiY3JlYXRlIjo2MDAwMDAwMDAwMDAsImRlbGV0ZSI6MTIwMDAwMDAwMDAwMH0sInNjaGVtYV92ZXJzaW9uIjoiMSJ9",
          "dependencies": [
            "module.module_vpc.data.aws_availability_zones.available",
            "module.module_vpc.module.vpc.aws_vpc.this",
            "module.module_vpc.module.vpc.aws_vpc_ipv4_cidr_block_association.this"
          ]
        }
      ]
    },
    {
      "module": "module.module_vpc.module.vpc",
      "mode": "managed",
      "type": "aws_subnet",
      "name": "public",
      "provider": "provider[\"registry.terraform.io/hashicorp/aws\"]",
      "instances": [
        {
          "index_key": 0,
          "schema_version": 1,
          "attributes": {
            "arn": "arn:aws:ec2:us-east-1:729397435375:subnet/subnet-0a25b59ecb363cee1",
            "assign_ipv6_address_on_creation": false,
            "availability_zone": "us-east-1a",
            "availability_zone_id": "use1-az6",
            "cidr_block": "10.0.4.0/24",
            "customer_owned_ipv4_pool": "",
            "enable_dns64": false,
            "enable_lni_at_device_index": 0,
            "enable_resource_name_dns_a_record_on_launch": false,
            "enable_resource_name_dns_aaaa_record_on_launch": false,
            "id": "subnet-0a25b59ecb363cee1",
            "ipv6_cidr_block": "",
            "ipv6_cidr_block_association_id": "",
            "ipv6_native": false,
            "map_customer_owned_ip_on_launch": false,
            "map_public_ip_on_launch": false,
            "outpost_arn": "",
            "owner_id": "729397435375",
            "private_dns_hostname_type_on_launch": "ip-name",
            "tags": {
              "Name": "iu-dev-data-platform-vpc-public-us-east-1a",
              "kubernetes.io/cluster/iu-dev-data-platform-eks-cluster": "shared",
              "kubernetes.io/role/elb": "1"
            },
            "tags_all": {
              "Name": "iu-dev-data-platform-vpc-public-us-east-1a",
              "kubernetes.io/cluster/iu-dev-data-platform-eks-cluster": "shared",
              "kubernetes.io/role/elb": "1"
            },
            "timeouts": null,
            "vpc_id": "vpc-068ad57d05edf7b40"
          },
          "sensitive_attributes": [],
          "private": "eyJlMmJmYjczMC1lY2FhLTExZTYtOGY4OC0zNDM2M2JjN2M0YzAiOnsiY3JlYXRlIjo2MDAwMDAwMDAwMDAsImRlbGV0ZSI6MTIwMDAwMDAwMDAwMH0sInNjaGVtYV92ZXJzaW9uIjoiMSJ9",
          "dependencies": [
            "module.module_vpc.data.aws_availability_zones.available",
            "module.module_vpc.module.vpc.aws_vpc.this",
            "module.module_vpc.module.vpc.aws_vpc_ipv4_cidr_block_association.this"
          ]
        },
        {
          "index_key": 1,
          "schema_version": 1,
          "attributes": {
            "arn": "arn:aws:ec2:us-east-1:729397435375:subnet/subnet-026ed9c8a85992bb1",
            "assign_ipv6_address_on_creation": false,
            "availability_zone": "us-east-1b",
            "availability_zone_id": "use1-az1",
            "cidr_block": "10.0.5.0/24",
            "customer_owned_ipv4_pool": "",
            "enable_dns64": false,
            "enable_lni_at_device_index": 0,
            "enable_resource_name_dns_a_record_on_launch": false,
            "enable_resource_name_dns_aaaa_record_on_launch": false,
            "id": "subnet-026ed9c8a85992bb1",
            "ipv6_cidr_block": "",
            "ipv6_cidr_block_association_id": "",
            "ipv6_native": false,
            "map_customer_owned_ip_on_launch": false,
            "map_public_ip_on_launch": false,
            "outpost_arn": "",
            "owner_id": "729397435375",
            "private_dns_hostname_type_on_launch": "ip-name",
            "tags": {
              "Name": "iu-dev-data-platform-vpc-public-us-east-1b",
              "kubernetes.io/cluster/iu-dev-data-platform-eks-cluster": "shared",
              "kubernetes.io/role/elb": "1"
            },
            "tags_all": {
              "Name": "iu-dev-data-platform-vpc-public-us-east-1b",
              "kubernetes.io/cluster/iu-dev-data-platform-eks-cluster": "shared",
              "kubernetes.io/role/elb": "1"
            },
            "timeouts": null,
            "vpc_id": "vpc-068ad57d05edf7b40"
          },
          "sensitive_attributes": [],
          "private": "eyJlMmJmYjczMC1lY2FhLTExZTYtOGY4OC0zNDM2M2JjN2M0YzAiOnsiY3JlYXRlIjo2MDAwMDAwMDAwMDAsImRlbGV0ZSI6MTIwMDAwMDAwMDAwMH0sInNjaGVtYV92ZXJzaW9uIjoiMSJ9",
          "dependencies": [
            "module.module_vpc.data.aws_availability_zones.available",
            "module.module_vpc.module.vpc.aws_vpc.this",
            "module.module_vpc.module.vpc.aws_vpc_ipv4_cidr_block_association.this"
          ]
        },
        {
          "index_key": 2,
          "schema_version": 1,
          "attributes": {
            "arn": "arn:aws:ec2:us-east-1:729397435375:subnet/subnet-00012e6d44b24475c",
            "assign_ipv6_address_on_creation": false,
            "availability_zone": "us-east-1c",
            "availability_zone_id": "use1-az2",
            "cidr_block": "10.0.6.0/24",
            "customer_owned_ipv4_pool": "",
            "enable_dns64": false,
            "enable_lni_at_device_index": 0,
            "enable_resource_name_dns_a_record_on_launch": false,
            "enable_resource_name_dns_aaaa_record_on_launch": false,
            "id": "subnet-00012e6d44b24475c",
            "ipv6_cidr_block": "",
            "ipv6_cidr_block_association_id": "",
            "ipv6_native": false,
            "map_customer_owned_ip_on_launch": false,
            "map_public_ip_on_launch": false,
            "outpost_arn": "",
            "owner_id": "729397435375",
            "private_dns_hostname_type_on_launch": "ip-name",
            "tags": {
              "Name": "iu-dev-data-platform-vpc-public-us-east-1c",
              "kubernetes.io/cluster/iu-dev-data-platform-eks-cluster": "shared",
              "kubernetes.io/role/elb": "1"
            },
            "tags_all": {
              "Name": "iu-dev-data-platform-vpc-public-us-east-1c",
              "kubernetes.io/cluster/iu-dev-data-platform-eks-cluster": "shared",
              "kubernetes.io/role/elb": "1"
            },
            "timeouts": null,
            "vpc_id": "vpc-068ad57d05edf7b40"
          },
          "sensitive_attributes": [],
          "private": "eyJlMmJmYjczMC1lY2FhLTExZTYtOGY4OC0zNDM2M2JjN2M0YzAiOnsiY3JlYXRlIjo2MDAwMDAwMDAwMDAsImRlbGV0ZSI6MTIwMDAwMDAwMDAwMH0sInNjaGVtYV92ZXJzaW9uIjoiMSJ9",
          "dependencies": [
            "module.module_vpc.data.aws_availability_zones.available",
            "module.module_vpc.module.vpc.aws_vpc.this",
            "module.module_vpc.module.vpc.aws_vpc_ipv4_cidr_block_association.this"
          ]
        }
      ]
    },
    {
      "module": "module.module_vpc.module.vpc",
      "mode": "managed",
      "type": "aws_vpc",
      "name": "this",
      "provider": "provider[\"registry.terraform.io/hashicorp/aws\"]",
      "instances": [
        {
          "index_key": 0,
          "schema_version": 1,
          "attributes": {
            "arn": "arn:aws:ec2:us-east-1:729397435375:vpc/vpc-068ad57d05edf7b40",
            "assign_generated_ipv6_cidr_block": false,
            "cidr_block": "10.0.0.0/16",
            "default_network_acl_id": "acl-0a8abb471644ce0ed",
            "default_route_table_id": "rtb-0f1828533973a7080",
            "default_security_group_id": "sg-0274cea81039b8bdf",
            "dhcp_options_id": "dopt-180bed62",
            "enable_dns_hostnames": true,
            "enable_dns_support": true,
            "enable_network_address_usage_metrics": false,
            "id": "vpc-068ad57d05edf7b40",
            "instance_tenancy": "default",
            "ipv4_ipam_pool_id": null,
            "ipv4_netmask_length": null,
            "ipv6_association_id": "",
            "ipv6_cidr_block": "",
            "ipv6_cidr_block_network_border_group": "",
            "ipv6_ipam_pool_id": "",
            "ipv6_netmask_length": 0,
            "main_route_table_id": "rtb-0f1828533973a7080",
            "owner_id": "729397435375",
            "tags": {
              "Name": "iu-dev-data-platform-vpc",
              "kubernetes.io/cluster/iu-dev-data-platform-eks-cluster": "shared"
            },
            "tags_all": {
              "Name": "iu-dev-data-platform-vpc",
              "kubernetes.io/cluster/iu-dev-data-platform-eks-cluster": "shared"
            }
          },
          "sensitive_attributes": [],
          "private": "eyJzY2hlbWFfdmVyc2lvbiI6IjEifQ=="
        }
      ]
    }
  ],
  "check_results": null
}
